// !$*UTF8*$!
{
	archiveVersion = 1;
	classes = {
	};
	objectVersion = 77;
	objects = {

/* Begin PBXBuildFile section */
		DF0C249D2DACF65F00022AB0 /* UIViewController+.swift in Sources */ = {isa = PBXBuildFile; fileRef = DF0C249C2DACF65F00022AB0 /* UIViewController+.swift */; };
		DF156B742DAD60E500918EE6 /* User.swift in Sources */ = {isa = PBXBuildFile; fileRef = DF156B732DAD60E500918EE6 /* User.swift */; };
		DF156B762DAD610B00918EE6 /* UserDTO.swift in Sources */ = {isa = PBXBuildFile; fileRef = DF156B752DAD610B00918EE6 /* UserDTO.swift */; };
		DF2AE60A2DB218A7007779D9 /* HomeViewController.swift in Sources */ = {isa = PBXBuildFile; fileRef = DF2AE6082DB218A7007779D9 /* HomeViewController.swift */; };
		DF2AE60E2DB218C6007779D9 /* HomeViewModel.swift in Sources */ = {isa = PBXBuildFile; fileRef = DF2AE60C2DB218C6007779D9 /* HomeViewModel.swift */; };
		DF2AE6172DB218FD007779D9 /* GroupViewController.swift in Sources */ = {isa = PBXBuildFile; fileRef = DF2AE6162DB218FD007779D9 /* GroupViewController.swift */; };
		DF3502E32DB36BBF002C1269 /* ButtonSystem.swift in Sources */ = {isa = PBXBuildFile; fileRef = DF3502E22DB36BBF002C1269 /* ButtonSystem.swift */; };
		DF35040E2DB388B8002C1269 /* TextFieldSystem.swift in Sources */ = {isa = PBXBuildFile; fileRef = DF35040D2DB388B8002C1269 /* TextFieldSystem.swift */; };
		DF3504102DB39892002C1269 /* LabelSystem.swift in Sources */ = {isa = PBXBuildFile; fileRef = DF35040F2DB39892002C1269 /* LabelSystem.swift */; };
		DF3CBA1D2DA8079600AD5788 /* KakaoLoginManager.swift in Sources */ = {isa = PBXBuildFile; fileRef = DF3CBA1C2DA8079600AD5788 /* KakaoLoginManager.swift */; };
		DF3CBB492DA809DB00AD5788 /* LoginRepository.swift in Sources */ = {isa = PBXBuildFile; fileRef = DF3CBB482DA809DB00AD5788 /* LoginRepository.swift */; };
		DF3CBB4D2DA80A6800AD5788 /* LoginRepositoryProtocol.swift in Sources */ = {isa = PBXBuildFile; fileRef = DF3CBB4C2DA80A6800AD5788 /* LoginRepositoryProtocol.swift */; };
		DF3CBB4F2DA814F100AD5788 /* LoginUsecase.swift in Sources */ = {isa = PBXBuildFile; fileRef = DF3CBB4E2DA814F100AD5788 /* LoginUsecase.swift */; };
		DF4962B52DACD2860001437B /* RacingSansOne-Regular.ttf in Resources */ = {isa = PBXBuildFile; fileRef = DF4962B42DACD2860001437B /* RacingSansOne-Regular.ttf */; };
		DF4962B62DACD2860001437B /* Pretendard-ExtraLight.otf in Resources */ = {isa = PBXBuildFile; fileRef = DF4962AE2DACD2860001437B /* Pretendard-ExtraLight.otf */; };
		DF4962B72DACD2860001437B /* Pretendard-SemiBold.otf in Resources */ = {isa = PBXBuildFile; fileRef = DF4962B22DACD2860001437B /* Pretendard-SemiBold.otf */; };
		DF4962B82DACD2860001437B /* Pretendard-Bold.otf in Resources */ = {isa = PBXBuildFile; fileRef = DF4962AC2DACD2860001437B /* Pretendard-Bold.otf */; };
		DF4962B92DACD2860001437B /* Pretendard-ExtraBold.otf in Resources */ = {isa = PBXBuildFile; fileRef = DF4962AD2DACD2860001437B /* Pretendard-ExtraBold.otf */; };
		DF4962BA2DACD2860001437B /* Pretendard-Regular.otf in Resources */ = {isa = PBXBuildFile; fileRef = DF4962B12DACD2860001437B /* Pretendard-Regular.otf */; };
		DF4962BB2DACD2860001437B /* NanumMyeongjo-Regular.ttf in Resources */ = {isa = PBXBuildFile; fileRef = DF4962AA2DACD2860001437B /* NanumMyeongjo-Regular.ttf */; };
		DF4962BC2DACD2860001437B /* Pretendard-Black.otf in Resources */ = {isa = PBXBuildFile; fileRef = DF4962AB2DACD2860001437B /* Pretendard-Black.otf */; };
		DF4962BD2DACD2860001437B /* Pretendard-Light.otf in Resources */ = {isa = PBXBuildFile; fileRef = DF4962AF2DACD2860001437B /* Pretendard-Light.otf */; };
		DF4962BE2DACD2860001437B /* Pretendard-Medium.otf in Resources */ = {isa = PBXBuildFile; fileRef = DF4962B02DACD2860001437B /* Pretendard-Medium.otf */; };
		DF4962BF2DACD2860001437B /* Pretendard-Thin.otf in Resources */ = {isa = PBXBuildFile; fileRef = DF4962B32DACD2860001437B /* Pretendard-Thin.otf */; };
		DF4962C12DACD6840001437B /* FontSystem.swift in Sources */ = {isa = PBXBuildFile; fileRef = DF4962C02DACD6840001437B /* FontSystem.swift */; };
		DF4962C52DACD8A60001437B /* ColorSystem.swift in Sources */ = {isa = PBXBuildFile; fileRef = DF4962C42DACD8A60001437B /* ColorSystem.swift */; };
		DF4962C72DACD96F0001437B /* UIColor+.swift in Sources */ = {isa = PBXBuildFile; fileRef = DF4962C62DACD96F0001437B /* UIColor+.swift */; };
		DF4962C92DACEF140001437B /* TextField+.swift in Sources */ = {isa = PBXBuildFile; fileRef = DF4962C82DACEF140001437B /* TextField+.swift */; };
		DF4B5BA02DAEBACE00A7ADD7 /* BirthdaySettingViewController.swift in Sources */ = {isa = PBXBuildFile; fileRef = DF4B5B9B2DAEBACE00A7ADD7 /* BirthdaySettingViewController.swift */; };
		DF4B5BA12DAEBACE00A7ADD7 /* LoginViewController.swift in Sources */ = {isa = PBXBuildFile; fileRef = DF4B5B9C2DAEBACE00A7ADD7 /* LoginViewController.swift */; };
		DF4B5BA22DAEBACE00A7ADD7 /* NicknameSettingViewController.swift in Sources */ = {isa = PBXBuildFile; fileRef = DF4B5B9D2DAEBACE00A7ADD7 /* NicknameSettingViewController.swift */; };
		DF4B5BA62DAEBAD300A7ADD7 /* LoginViewModel.swift in Sources */ = {isa = PBXBuildFile; fileRef = DF4B5BA42DAEBAD300A7ADD7 /* LoginViewModel.swift */; };
		DF590B662DAB843F00956E54 /* GoogleService-Info.plist in Resources */ = {isa = PBXBuildFile; fileRef = DF590B652DAB843F00956E54 /* GoogleService-Info.plist */; };
		DF590B682DAB8D9F00956E54 /* FirebaseAuthManager.swift in Sources */ = {isa = PBXBuildFile; fileRef = DF590B672DAB8D9F00956E54 /* FirebaseAuthManager.swift */; };
		DF590B6A2DAB926600956E54 /* FirebaseError.swift in Sources */ = {isa = PBXBuildFile; fileRef = DF590B692DAB926600956E54 /* FirebaseError.swift */; };
		DF5F3E5E2D95BE7000245C20 /* ViewController.swift in Sources */ = {isa = PBXBuildFile; fileRef = DF5F3E5A2D95BE7000245C20 /* ViewController.swift */; };
		DF5F3E8E2D95C47400245C20 /* Assets.xcassets in Resources */ = {isa = PBXBuildFile; fileRef = DF5F3E8A2D95C47400245C20 /* Assets.xcassets */; };
		DF5F3E8F2D95C47400245C20 /* LaunchScreen.storyboard in Resources */ = {isa = PBXBuildFile; fileRef = DF5F3E8C2D95C47400245C20 /* LaunchScreen.storyboard */; };
		DF5F3E932D95C47700245C20 /* AppDelegate.swift in Sources */ = {isa = PBXBuildFile; fileRef = DF5F3E902D95C47700245C20 /* AppDelegate.swift */; };
		DF5F3E942D95C47700245C20 /* SceneDelegate.swift in Sources */ = {isa = PBXBuildFile; fileRef = DF5F3E912D95C47700245C20 /* SceneDelegate.swift */; };
		DF8603512DB00CFF008ADB69 /* UserDefaultsManager.swift in Sources */ = {isa = PBXBuildFile; fileRef = DF8603502DB00CFF008ADB69 /* UserDefaultsManager.swift */; };
		DF9AEF172DA422A400466CC6 /* Config.xcconfig in Resources */ = {isa = PBXBuildFile; fileRef = DF9AEF162DA422A400466CC6 /* Config.xcconfig */; };
		DFA5BE2E2DAF94A900CAD5D3 /* Date+.swift in Sources */ = {isa = PBXBuildFile; fileRef = DFA5BE2D2DAF94A900CAD5D3 /* Date+.swift */; };
		DFA98D2D2DBB35AA00C22770 /* GroupHostViewController.swift in Sources */ = {isa = PBXBuildFile; fileRef = DFA98D2C2DBB35AA00C22770 /* GroupHostViewController.swift */; };
		DFB71C152DB62F7900FE8490 /* AppCoordinator.swift in Sources */ = {isa = PBXBuildFile; fileRef = DFB71C142DB62F7900FE8490 /* AppCoordinator.swift */; };
		DFC1427B2DBB530100EC6063 /* Lottie in Frameworks */ = {isa = PBXBuildFile; productRef = DFC1427A2DBB530100EC6063 /* Lottie */; };
		DFC1427E2DBB533000EC6063 /* RxKakaoSDK in Frameworks */ = {isa = PBXBuildFile; productRef = DFC1427D2DBB533000EC6063 /* RxKakaoSDK */; };
		DFC142802DBB533000EC6063 /* RxKakaoSDKAuth in Frameworks */ = {isa = PBXBuildFile; productRef = DFC1427F2DBB533000EC6063 /* RxKakaoSDKAuth */; };
		DFC142822DBB533000EC6063 /* RxKakaoSDKCommon in Frameworks */ = {isa = PBXBuildFile; productRef = DFC142812DBB533000EC6063 /* RxKakaoSDKCommon */; };
		DFC142842DBB533000EC6063 /* RxKakaoSDKFriend in Frameworks */ = {isa = PBXBuildFile; productRef = DFC142832DBB533000EC6063 /* RxKakaoSDKFriend */; };
		DFC142862DBB533000EC6063 /* RxKakaoSDKShare in Frameworks */ = {isa = PBXBuildFile; productRef = DFC142852DBB533000EC6063 /* RxKakaoSDKShare */; };
		DFC142882DBB533000EC6063 /* RxKakaoSDKUser in Frameworks */ = {isa = PBXBuildFile; productRef = DFC142872DBB533000EC6063 /* RxKakaoSDKUser */; };
		DFC1428B2DBB538800EC6063 /* FirebaseAuth in Frameworks */ = {isa = PBXBuildFile; productRef = DFC1428A2DBB538800EC6063 /* FirebaseAuth */; };
		DFC1428D2DBB538800EC6063 /* FirebaseDatabase in Frameworks */ = {isa = PBXBuildFile; productRef = DFC1428C2DBB538800EC6063 /* FirebaseDatabase */; };
		DFC1428F2DBB538800EC6063 /* FirebaseFirestore in Frameworks */ = {isa = PBXBuildFile; productRef = DFC1428E2DBB538800EC6063 /* FirebaseFirestore */; };
		DFC142912DBB538800EC6063 /* FirebaseStorage in Frameworks */ = {isa = PBXBuildFile; productRef = DFC142902DBB538800EC6063 /* FirebaseStorage */; };
		DFD269712DBB559D00F90C12 /* ScaleKit in Frameworks */ = {isa = PBXBuildFile; productRef = DFD269702DBB559D00F90C12 /* ScaleKit */; };
		DFD757AA2D9C2A74008C82DF /* DIContainer.swift in Sources */ = {isa = PBXBuildFile; fileRef = DFD757A92D9C2A74008C82DF /* DIContainer.swift */; };
		DFDC82672DBD4998003C597D /* GroupUsecase.swift in Sources */ = {isa = PBXBuildFile; fileRef = DFDC82662DBD4998003C597D /* GroupUsecase.swift */; };
		DFDC82692DBD49D9003C597D /* GroupRepositoryProtocol.swift in Sources */ = {isa = PBXBuildFile; fileRef = DFDC82682DBD49D9003C597D /* GroupRepositoryProtocol.swift */; };
		DFDC826B2DBD4A12003C597D /* GroupRepository.swift in Sources */ = {isa = PBXBuildFile; fileRef = DFDC826A2DBD4A12003C597D /* GroupRepository.swift */; };
		DFF1CBD82DBA8A5E00722B04 /* GroupViewModel.swift in Sources */ = {isa = PBXBuildFile; fileRef = DFF1CBD62DBA8A5E00722B04 /* GroupViewModel.swift */; };
		DFF1CBE02DBAAEC800722B04 /* GroupEnterViewController.swift in Sources */ = {isa = PBXBuildFile; fileRef = DFF1CBDD2DBAAEC800722B04 /* GroupEnterViewController.swift */; };
		DFF576A72DB0D87B007BEADA /* AppleLoginManager.swift in Sources */ = {isa = PBXBuildFile; fileRef = DFF576A62DB0D87B007BEADA /* AppleLoginManager.swift */; };
/* End PBXBuildFile section */

/* Begin PBXFileReference section */
		DF0C249C2DACF65F00022AB0 /* UIViewController+.swift */ = {isa = PBXFileReference; lastKnownFileType = sourcecode.swift; path = "UIViewController+.swift"; sourceTree = "<group>"; };
		DF156B732DAD60E500918EE6 /* User.swift */ = {isa = PBXFileReference; lastKnownFileType = sourcecode.swift; path = User.swift; sourceTree = "<group>"; };
		DF156B752DAD610B00918EE6 /* UserDTO.swift */ = {isa = PBXFileReference; lastKnownFileType = sourcecode.swift; path = UserDTO.swift; sourceTree = "<group>"; };
		DF2AE6082DB218A7007779D9 /* HomeViewController.swift */ = {isa = PBXFileReference; lastKnownFileType = sourcecode.swift; path = HomeViewController.swift; sourceTree = "<group>"; };
		DF2AE60C2DB218C6007779D9 /* HomeViewModel.swift */ = {isa = PBXFileReference; lastKnownFileType = sourcecode.swift; path = HomeViewModel.swift; sourceTree = "<group>"; };
		DF2AE6162DB218FD007779D9 /* GroupViewController.swift */ = {isa = PBXFileReference; lastKnownFileType = sourcecode.swift; path = GroupViewController.swift; sourceTree = "<group>"; };
		DF3502E22DB36BBF002C1269 /* ButtonSystem.swift */ = {isa = PBXFileReference; lastKnownFileType = sourcecode.swift; path = ButtonSystem.swift; sourceTree = "<group>"; };
		DF35040D2DB388B8002C1269 /* TextFieldSystem.swift */ = {isa = PBXFileReference; lastKnownFileType = sourcecode.swift; path = TextFieldSystem.swift; sourceTree = "<group>"; };
		DF35040F2DB39892002C1269 /* LabelSystem.swift */ = {isa = PBXFileReference; lastKnownFileType = sourcecode.swift; path = LabelSystem.swift; sourceTree = "<group>"; };
		DF3CBA1C2DA8079600AD5788 /* KakaoLoginManager.swift */ = {isa = PBXFileReference; lastKnownFileType = sourcecode.swift; path = KakaoLoginManager.swift; sourceTree = "<group>"; };
		DF3CBB482DA809DB00AD5788 /* LoginRepository.swift */ = {isa = PBXFileReference; lastKnownFileType = sourcecode.swift; path = LoginRepository.swift; sourceTree = "<group>"; };
		DF3CBB4C2DA80A6800AD5788 /* LoginRepositoryProtocol.swift */ = {isa = PBXFileReference; lastKnownFileType = sourcecode.swift; path = LoginRepositoryProtocol.swift; sourceTree = "<group>"; };
		DF3CBB4E2DA814F100AD5788 /* LoginUsecase.swift */ = {isa = PBXFileReference; lastKnownFileType = sourcecode.swift; path = LoginUsecase.swift; sourceTree = "<group>"; };
		DF4962AA2DACD2860001437B /* NanumMyeongjo-Regular.ttf */ = {isa = PBXFileReference; lastKnownFileType = file; path = "NanumMyeongjo-Regular.ttf"; sourceTree = "<group>"; };
		DF4962AB2DACD2860001437B /* Pretendard-Black.otf */ = {isa = PBXFileReference; lastKnownFileType = file; path = "Pretendard-Black.otf"; sourceTree = "<group>"; };
		DF4962AC2DACD2860001437B /* Pretendard-Bold.otf */ = {isa = PBXFileReference; lastKnownFileType = file; path = "Pretendard-Bold.otf"; sourceTree = "<group>"; };
		DF4962AD2DACD2860001437B /* Pretendard-ExtraBold.otf */ = {isa = PBXFileReference; lastKnownFileType = file; path = "Pretendard-ExtraBold.otf"; sourceTree = "<group>"; };
		DF4962AE2DACD2860001437B /* Pretendard-ExtraLight.otf */ = {isa = PBXFileReference; lastKnownFileType = file; path = "Pretendard-ExtraLight.otf"; sourceTree = "<group>"; };
		DF4962AF2DACD2860001437B /* Pretendard-Light.otf */ = {isa = PBXFileReference; lastKnownFileType = file; path = "Pretendard-Light.otf"; sourceTree = "<group>"; };
		DF4962B02DACD2860001437B /* Pretendard-Medium.otf */ = {isa = PBXFileReference; lastKnownFileType = file; path = "Pretendard-Medium.otf"; sourceTree = "<group>"; };
		DF4962B12DACD2860001437B /* Pretendard-Regular.otf */ = {isa = PBXFileReference; lastKnownFileType = file; path = "Pretendard-Regular.otf"; sourceTree = "<group>"; };
		DF4962B22DACD2860001437B /* Pretendard-SemiBold.otf */ = {isa = PBXFileReference; lastKnownFileType = file; path = "Pretendard-SemiBold.otf"; sourceTree = "<group>"; };
		DF4962B32DACD2860001437B /* Pretendard-Thin.otf */ = {isa = PBXFileReference; lastKnownFileType = file; path = "Pretendard-Thin.otf"; sourceTree = "<group>"; };
		DF4962B42DACD2860001437B /* RacingSansOne-Regular.ttf */ = {isa = PBXFileReference; lastKnownFileType = file; path = "RacingSansOne-Regular.ttf"; sourceTree = "<group>"; };
		DF4962C02DACD6840001437B /* FontSystem.swift */ = {isa = PBXFileReference; lastKnownFileType = sourcecode.swift; path = FontSystem.swift; sourceTree = "<group>"; };
		DF4962C42DACD8A60001437B /* ColorSystem.swift */ = {isa = PBXFileReference; lastKnownFileType = sourcecode.swift; path = ColorSystem.swift; sourceTree = "<group>"; };
		DF4962C62DACD96F0001437B /* UIColor+.swift */ = {isa = PBXFileReference; lastKnownFileType = sourcecode.swift; path = "UIColor+.swift"; sourceTree = "<group>"; };
		DF4962C82DACEF140001437B /* TextField+.swift */ = {isa = PBXFileReference; lastKnownFileType = sourcecode.swift; path = "TextField+.swift"; sourceTree = "<group>"; };
		DF4B5B9B2DAEBACE00A7ADD7 /* BirthdaySettingViewController.swift */ = {isa = PBXFileReference; lastKnownFileType = sourcecode.swift; path = BirthdaySettingViewController.swift; sourceTree = "<group>"; };
		DF4B5B9C2DAEBACE00A7ADD7 /* LoginViewController.swift */ = {isa = PBXFileReference; lastKnownFileType = sourcecode.swift; path = LoginViewController.swift; sourceTree = "<group>"; };
		DF4B5B9D2DAEBACE00A7ADD7 /* NicknameSettingViewController.swift */ = {isa = PBXFileReference; lastKnownFileType = sourcecode.swift; path = NicknameSettingViewController.swift; sourceTree = "<group>"; };
		DF4B5BA42DAEBAD300A7ADD7 /* LoginViewModel.swift */ = {isa = PBXFileReference; lastKnownFileType = sourcecode.swift; path = LoginViewModel.swift; sourceTree = "<group>"; };
		DF590B652DAB843F00956E54 /* GoogleService-Info.plist */ = {isa = PBXFileReference; lastKnownFileType = text.plist.xml; path = "GoogleService-Info.plist"; sourceTree = "<group>"; };
		DF590B672DAB8D9F00956E54 /* FirebaseAuthManager.swift */ = {isa = PBXFileReference; lastKnownFileType = sourcecode.swift; path = FirebaseAuthManager.swift; sourceTree = "<group>"; };
		DF590B692DAB926600956E54 /* FirebaseError.swift */ = {isa = PBXFileReference; lastKnownFileType = sourcecode.swift; path = FirebaseError.swift; sourceTree = "<group>"; };
		DF5F3E572D95BE7000245C20 /* Info.plist */ = {isa = PBXFileReference; lastKnownFileType = text.plist.xml; path = Info.plist; sourceTree = "<group>"; };
		DF5F3E5A2D95BE7000245C20 /* ViewController.swift */ = {isa = PBXFileReference; lastKnownFileType = sourcecode.swift; path = ViewController.swift; sourceTree = "<group>"; };
		DF5F3E8A2D95C47400245C20 /* Assets.xcassets */ = {isa = PBXFileReference; lastKnownFileType = folder.assetcatalog; path = Assets.xcassets; sourceTree = "<group>"; };
		DF5F3E8B2D95C47400245C20 /* Base */ = {isa = PBXFileReference; lastKnownFileType = file.storyboard; name = Base; path = Base.lproj/LaunchScreen.storyboard; sourceTree = "<group>"; };
		DF5F3E902D95C47700245C20 /* AppDelegate.swift */ = {isa = PBXFileReference; lastKnownFileType = sourcecode.swift; path = AppDelegate.swift; sourceTree = "<group>"; };
		DF5F3E912D95C47700245C20 /* SceneDelegate.swift */ = {isa = PBXFileReference; lastKnownFileType = sourcecode.swift; path = SceneDelegate.swift; sourceTree = "<group>"; };
		DF66506C2D88023400820F1A /* Haruhancut.app */ = {isa = PBXFileReference; explicitFileType = wrapper.application; includeInIndex = 0; path = Haruhancut.app; sourceTree = BUILT_PRODUCTS_DIR; };
		DF8603502DB00CFF008ADB69 /* UserDefaultsManager.swift */ = {isa = PBXFileReference; lastKnownFileType = sourcecode.swift; path = UserDefaultsManager.swift; sourceTree = "<group>"; };
		DF9AEEEC2DA41F6800466CC6 /* Haruhancut.entitlements */ = {isa = PBXFileReference; lastKnownFileType = text.plist.entitlements; path = Haruhancut.entitlements; sourceTree = "<group>"; };
		DF9AEF162DA422A400466CC6 /* Config.xcconfig */ = {isa = PBXFileReference; lastKnownFileType = text.xcconfig; path = Config.xcconfig; sourceTree = "<group>"; };
		DFA5BE2D2DAF94A900CAD5D3 /* Date+.swift */ = {isa = PBXFileReference; lastKnownFileType = sourcecode.swift; path = "Date+.swift"; sourceTree = "<group>"; };
		DFA98D2C2DBB35AA00C22770 /* GroupHostViewController.swift */ = {isa = PBXFileReference; lastKnownFileType = sourcecode.swift; path = GroupHostViewController.swift; sourceTree = "<group>"; };
		DFB71C142DB62F7900FE8490 /* AppCoordinator.swift */ = {isa = PBXFileReference; lastKnownFileType = sourcecode.swift; path = AppCoordinator.swift; sourceTree = "<group>"; };
		DFD757A92D9C2A74008C82DF /* DIContainer.swift */ = {isa = PBXFileReference; lastKnownFileType = sourcecode.swift; path = DIContainer.swift; sourceTree = "<group>"; };
		DFDC82662DBD4998003C597D /* GroupUsecase.swift */ = {isa = PBXFileReference; lastKnownFileType = sourcecode.swift; path = GroupUsecase.swift; sourceTree = "<group>"; };
		DFDC82682DBD49D9003C597D /* GroupRepositoryProtocol.swift */ = {isa = PBXFileReference; lastKnownFileType = sourcecode.swift; path = GroupRepositoryProtocol.swift; sourceTree = "<group>"; };
		DFDC826A2DBD4A12003C597D /* GroupRepository.swift */ = {isa = PBXFileReference; lastKnownFileType = sourcecode.swift; path = GroupRepository.swift; sourceTree = "<group>"; };
		DFF1CBD62DBA8A5E00722B04 /* GroupViewModel.swift */ = {isa = PBXFileReference; lastKnownFileType = sourcecode.swift; path = GroupViewModel.swift; sourceTree = "<group>"; };
		DFF1CBDD2DBAAEC800722B04 /* GroupEnterViewController.swift */ = {isa = PBXFileReference; lastKnownFileType = sourcecode.swift; path = GroupEnterViewController.swift; sourceTree = "<group>"; };
		DFF576A62DB0D87B007BEADA /* AppleLoginManager.swift */ = {isa = PBXFileReference; lastKnownFileType = sourcecode.swift; path = AppleLoginManager.swift; sourceTree = "<group>"; };
/* End PBXFileReference section */

/* Begin PBXFrameworksBuildPhase section */
		DF6650692D88023400820F1A /* Frameworks */ = {
			isa = PBXFrameworksBuildPhase;
			buildActionMask = 2147483647;
			files = (
				DFC142822DBB533000EC6063 /* RxKakaoSDKCommon in Frameworks */,
				DFC142802DBB533000EC6063 /* RxKakaoSDKAuth in Frameworks */,
				DFC1427B2DBB530100EC6063 /* Lottie in Frameworks */,
				DFC1428F2DBB538800EC6063 /* FirebaseFirestore in Frameworks */,
				DFC142862DBB533000EC6063 /* RxKakaoSDKShare in Frameworks */,
				DFC1427E2DBB533000EC6063 /* RxKakaoSDK in Frameworks */,
				DFC142882DBB533000EC6063 /* RxKakaoSDKUser in Frameworks */,
				DFC1428D2DBB538800EC6063 /* FirebaseDatabase in Frameworks */,
				DFD269712DBB559D00F90C12 /* ScaleKit in Frameworks */,
				DFC142912DBB538800EC6063 /* FirebaseStorage in Frameworks */,
				DFC142842DBB533000EC6063 /* RxKakaoSDKFriend in Frameworks */,
				DFC1428B2DBB538800EC6063 /* FirebaseAuth in Frameworks */,
			);
			runOnlyForDeploymentPostprocessing = 0;
		};
/* End PBXFrameworksBuildPhase section */

/* Begin PBXGroup section */
		DF2AE6092DB218A7007779D9 /* View */ = {
			isa = PBXGroup;
			children = (
				DF2AE6082DB218A7007779D9 /* HomeViewController.swift */,
			);
			path = View;
			sourceTree = "<group>";
		};
		DF2AE60D2DB218C6007779D9 /* ViewModel */ = {
			isa = PBXGroup;
			children = (
				DF2AE60C2DB218C6007779D9 /* HomeViewModel.swift */,
			);
			path = ViewModel;
			sourceTree = "<group>";
		};
		DF2AE6122DB218E4007779D9 /* View */ = {
			isa = PBXGroup;
			children = (
				DF2AE6162DB218FD007779D9 /* GroupViewController.swift */,
			);
			path = View;
			sourceTree = "<group>";
		};
		DF2AE6142DB218E4007779D9 /* Group */ = {
			isa = PBXGroup;
			children = (
				DFF1CBDC2DBAAEBE00722B04 /* GroupDetail */,
				DFF1CBD72DBA8A5E00722B04 /* ViewModel */,
				DF2AE6122DB218E4007779D9 /* View */,
			);
			path = Group;
			sourceTree = "<group>";
		};
		DF3CBB472DA809CD00AD5788 /* RepositoryImpl */ = {
			isa = PBXGroup;
			children = (
				DF3CBB482DA809DB00AD5788 /* LoginRepository.swift */,
				DFDC826A2DBD4A12003C597D /* GroupRepository.swift */,
			);
			path = RepositoryImpl;
			sourceTree = "<group>";
		};
		DF3CBB4B2DA80A5C00AD5788 /* RepositoryProtocol */ = {
			isa = PBXGroup;
			children = (
				DF3CBB4C2DA80A6800AD5788 /* LoginRepositoryProtocol.swift */,
				DFDC82682DBD49D9003C597D /* GroupRepositoryProtocol.swift */,
			);
			path = RepositoryProtocol;
			sourceTree = "<group>";
		};
		DF4962A92DACD2730001437B /* Fonts */ = {
			isa = PBXGroup;
			children = (
				DF4962AA2DACD2860001437B /* NanumMyeongjo-Regular.ttf */,
				DF4962AB2DACD2860001437B /* Pretendard-Black.otf */,
				DF4962AC2DACD2860001437B /* Pretendard-Bold.otf */,
				DF4962AD2DACD2860001437B /* Pretendard-ExtraBold.otf */,
				DF4962AE2DACD2860001437B /* Pretendard-ExtraLight.otf */,
				DF4962AF2DACD2860001437B /* Pretendard-Light.otf */,
				DF4962B02DACD2860001437B /* Pretendard-Medium.otf */,
				DF4962B12DACD2860001437B /* Pretendard-Regular.otf */,
				DF4962B22DACD2860001437B /* Pretendard-SemiBold.otf */,
				DF4962B32DACD2860001437B /* Pretendard-Thin.otf */,
				DF4962B42DACD2860001437B /* RacingSansOne-Regular.ttf */,
			);
			path = Fonts;
			sourceTree = "<group>";
		};
		DF4962C32DACD8990001437B /* DesignSystem */ = {
			isa = PBXGroup;
			children = (
				DF4962C02DACD6840001437B /* FontSystem.swift */,
				DF4962C42DACD8A60001437B /* ColorSystem.swift */,
				DF3502E22DB36BBF002C1269 /* ButtonSystem.swift */,
				DF35040D2DB388B8002C1269 /* TextFieldSystem.swift */,
				DF35040F2DB39892002C1269 /* LabelSystem.swift */,
			);
			path = DesignSystem;
			sourceTree = "<group>";
		};
		DF4B5B9F2DAEBACE00A7ADD7 /* View */ = {
			isa = PBXGroup;
			children = (
				DF4B5B9C2DAEBACE00A7ADD7 /* LoginViewController.swift */,
				DF4B5B9B2DAEBACE00A7ADD7 /* BirthdaySettingViewController.swift */,
				DF4B5B9D2DAEBACE00A7ADD7 /* NicknameSettingViewController.swift */,
			);
			path = View;
			sourceTree = "<group>";
		};
		DF4B5BA52DAEBAD300A7ADD7 /* ViewModel */ = {
			isa = PBXGroup;
			children = (
				DF4B5BA42DAEBAD300A7ADD7 /* LoginViewModel.swift */,
			);
			path = ViewModel;
			sourceTree = "<group>";
		};
		DF5F3E5B2D95BE7000245C20 /* Haruhancut */ = {
			isa = PBXGroup;
			children = (
				DF9AEEEC2DA41F6800466CC6 /* Haruhancut.entitlements */,
				DF9AEF162DA422A400466CC6 /* Config.xcconfig */,
				DF5F3E8D2D95C47400245C20 /* Resource */,
				DF5F3E7F2D95BECF00245C20 /* Source */,
				DF5F3E5A2D95BE7000245C20 /* ViewController.swift */,
				DF5F3E572D95BE7000245C20 /* Info.plist */,
			);
			path = Haruhancut;
			sourceTree = "<group>";
		};
		DF5F3E7A2D95BECF00245C20 /* App */ = {
			isa = PBXGroup;
			children = (
				DFBC36202DB62EC000ED9265 /* Coordinator */,
				DF5F3E972D95C59D00245C20 /* DIContainer */,
				DF5F3E902D95C47700245C20 /* AppDelegate.swift */,
				DF5F3E912D95C47700245C20 /* SceneDelegate.swift */,
				DF5F3E8C2D95C47400245C20 /* LaunchScreen.storyboard */,
			);
			path = App;
			sourceTree = "<group>";
		};
		DF5F3E7B2D95BECF00245C20 /* Data */ = {
			isa = PBXGroup;
			children = (
				DF3CBB472DA809CD00AD5788 /* RepositoryImpl */,
				DFD757A32D9C1CBD008C82DF /* Network */,
				DFD757A42D9C1CBF008C82DF /* Dto */,
				DF8603502DB00CFF008ADB69 /* UserDefaultsManager.swift */,
			);
			path = Data;
			sourceTree = "<group>";
		};
		DF5F3E7C2D95BECF00245C20 /* Domain */ = {
			isa = PBXGroup;
			children = (
				DFD757A62D9C1CC5008C82DF /* UseCase */,
				DFD757A72D9C1CC7008C82DF /* Entity */,
				DF3CBB4B2DA80A5C00AD5788 /* RepositoryProtocol */,
			);
			path = Domain;
			sourceTree = "<group>";
		};
		DF5F3E7D2D95BECF00245C20 /* Presentation */ = {
			isa = PBXGroup;
			children = (
				DF2AE6142DB218E4007779D9 /* Group */,
				DF6BBA2A2D972597002A344F /* SignUp */,
				DF6BBA152D972046002A344F /* Home */,
				DF6BBA182D972048002A344F /* Login */,
			);
			path = Presentation;
			sourceTree = "<group>";
		};
		DF5F3E7E2D95BECF00245C20 /* Util */ = {
			isa = PBXGroup;
			children = (
				DF5F3E862D95C11D00245C20 /* Extension */,
				DF5F3E852D95C11B00245C20 /* Constant */,
			);
			path = Util;
			sourceTree = "<group>";
		};
		DF5F3E7F2D95BECF00245C20 /* Source */ = {
			isa = PBXGroup;
			children = (
				DF5F3E7A2D95BECF00245C20 /* App */,
				DF5F3E7D2D95BECF00245C20 /* Presentation */,
				DF5F3E7C2D95BECF00245C20 /* Domain */,
				DF5F3E7B2D95BECF00245C20 /* Data */,
				DF5F3E7E2D95BECF00245C20 /* Util */,
			);
			path = Source;
			sourceTree = "<group>";
		};
		DF5F3E852D95C11B00245C20 /* Constant */ = {
			isa = PBXGroup;
			children = (
			);
			path = Constant;
			sourceTree = "<group>";
		};
		DF5F3E862D95C11D00245C20 /* Extension */ = {
			isa = PBXGroup;
			children = (
				DF4962C62DACD96F0001437B /* UIColor+.swift */,
				DFA5BE2D2DAF94A900CAD5D3 /* Date+.swift */,
				DF4962C82DACEF140001437B /* TextField+.swift */,
				DF0C249C2DACF65F00022AB0 /* UIViewController+.swift */,
			);
			path = Extension;
			sourceTree = "<group>";
		};
		DF5F3E8D2D95C47400245C20 /* Resource */ = {
			isa = PBXGroup;
			children = (
				DF4962C32DACD8990001437B /* DesignSystem */,
				DF4962A92DACD2730001437B /* Fonts */,
				DF590B652DAB843F00956E54 /* GoogleService-Info.plist */,
				DF5F3E8A2D95C47400245C20 /* Assets.xcassets */,
			);
			path = Resource;
			sourceTree = "<group>";
		};
		DF5F3E972D95C59D00245C20 /* DIContainer */ = {
			isa = PBXGroup;
			children = (
				DFD757A92D9C2A74008C82DF /* DIContainer.swift */,
			);
			path = DIContainer;
			sourceTree = "<group>";
		};
		DF6650632D88023400820F1A = {
			isa = PBXGroup;
			children = (
				DF5F3E5B2D95BE7000245C20 /* Haruhancut */,
				DF66506D2D88023400820F1A /* Products */,
			);
			sourceTree = "<group>";
		};
		DF66506D2D88023400820F1A /* Products */ = {
			isa = PBXGroup;
			children = (
				DF66506C2D88023400820F1A /* Haruhancut.app */,
			);
			name = Products;
			sourceTree = "<group>";
		};
		DF6BBA152D972046002A344F /* Home */ = {
			isa = PBXGroup;
			children = (
				DF2AE60D2DB218C6007779D9 /* ViewModel */,
				DF2AE6092DB218A7007779D9 /* View */,
			);
			path = Home;
			sourceTree = "<group>";
		};
		DF6BBA182D972048002A344F /* Login */ = {
			isa = PBXGroup;
			children = (
				DF4B5B9F2DAEBACE00A7ADD7 /* View */,
				DF4B5BA52DAEBAD300A7ADD7 /* ViewModel */,
			);
			path = Login;
			sourceTree = "<group>";
		};
		DF6BBA2A2D972597002A344F /* SignUp */ = {
			isa = PBXGroup;
			children = (
			);
			path = SignUp;
			sourceTree = "<group>";
		};
		DFBC36202DB62EC000ED9265 /* Coordinator */ = {
			isa = PBXGroup;
			children = (
				DFB71C142DB62F7900FE8490 /* AppCoordinator.swift */,
			);
			path = Coordinator;
			sourceTree = "<group>";
		};
		DFD757A32D9C1CBD008C82DF /* Network */ = {
			isa = PBXGroup;
			children = (
				DF3CBA1C2DA8079600AD5788 /* KakaoLoginManager.swift */,
				DFF576A62DB0D87B007BEADA /* AppleLoginManager.swift */,
				DF590B672DAB8D9F00956E54 /* FirebaseAuthManager.swift */,
			);
			path = Network;
			sourceTree = "<group>";
		};
		DFD757A42D9C1CBF008C82DF /* Dto */ = {
			isa = PBXGroup;
			children = (
				DF156B752DAD610B00918EE6 /* UserDTO.swift */,
			);
			path = Dto;
			sourceTree = "<group>";
		};
		DFD757A62D9C1CC5008C82DF /* UseCase */ = {
			isa = PBXGroup;
			children = (
				DF3CBB4E2DA814F100AD5788 /* LoginUsecase.swift */,
				DFDC82662DBD4998003C597D /* GroupUsecase.swift */,
			);
			path = UseCase;
			sourceTree = "<group>";
		};
		DFD757A72D9C1CC7008C82DF /* Entity */ = {
			isa = PBXGroup;
			children = (
				DF590B692DAB926600956E54 /* FirebaseError.swift */,
				DF156B732DAD60E500918EE6 /* User.swift */,
			);
			path = Entity;
			sourceTree = "<group>";
		};
		DFF1CBD72DBA8A5E00722B04 /* ViewModel */ = {
			isa = PBXGroup;
			children = (
				DFF1CBD62DBA8A5E00722B04 /* GroupViewModel.swift */,
			);
			path = ViewModel;
			sourceTree = "<group>";
		};
		DFF1CBDC2DBAAEBE00722B04 /* GroupDetail */ = {
			isa = PBXGroup;
			children = (
				DFF1CBDD2DBAAEC800722B04 /* GroupEnterViewController.swift */,
				DFA98D2C2DBB35AA00C22770 /* GroupHostViewController.swift */,
			);
			path = GroupDetail;
			sourceTree = "<group>";
		};
/* End PBXGroup section */

/* Begin PBXNativeTarget section */
		DF66506B2D88023400820F1A /* Haruhancut */ = {
			isa = PBXNativeTarget;
			buildConfigurationList = DF66507F2D88023500820F1A /* Build configuration list for PBXNativeTarget "Haruhancut" */;
			buildPhases = (
				DF6650682D88023400820F1A /* Sources */,
				DF6650692D88023400820F1A /* Frameworks */,
				DF66506A2D88023400820F1A /* Resources */,
			);
			buildRules = (
			);
			dependencies = (
			);
			name = Haruhancut;
			packageProductDependencies = (
				DFC1427A2DBB530100EC6063 /* Lottie */,
				DFC1427D2DBB533000EC6063 /* RxKakaoSDK */,
				DFC1427F2DBB533000EC6063 /* RxKakaoSDKAuth */,
				DFC142812DBB533000EC6063 /* RxKakaoSDKCommon */,
				DFC142832DBB533000EC6063 /* RxKakaoSDKFriend */,
				DFC142852DBB533000EC6063 /* RxKakaoSDKShare */,
				DFC142872DBB533000EC6063 /* RxKakaoSDKUser */,
				DFC1428A2DBB538800EC6063 /* FirebaseAuth */,
				DFC1428C2DBB538800EC6063 /* FirebaseDatabase */,
				DFC1428E2DBB538800EC6063 /* FirebaseFirestore */,
				DFC142902DBB538800EC6063 /* FirebaseStorage */,
				DFD269702DBB559D00F90C12 /* ScaleKit */,
			);
			productName = Haruhancut;
			productReference = DF66506C2D88023400820F1A /* Haruhancut.app */;
			productType = "com.apple.product-type.application";
		};
/* End PBXNativeTarget section */

/* Begin PBXProject section */
		DF6650642D88023400820F1A /* Project object */ = {
			isa = PBXProject;
			attributes = {
				BuildIndependentTargetsInParallel = 1;
				LastSwiftUpdateCheck = 1620;
				LastUpgradeCheck = 1620;
				TargetAttributes = {
					DF66506B2D88023400820F1A = {
						CreatedOnToolsVersion = 16.2;
					};
				};
			};
			buildConfigurationList = DF6650672D88023400820F1A /* Build configuration list for PBXProject "Haruhancut" */;
			developmentRegion = en;
			hasScannedForEncodings = 0;
			knownRegions = (
				en,
				Base,
			);
			mainGroup = DF6650632D88023400820F1A;
			minimizedProjectReferenceProxies = 1;
			packageReferences = (
				DFC142792DBB530100EC6063 /* XCRemoteSwiftPackageReference "lottie-spm" */,
				DFC1427C2DBB533000EC6063 /* XCRemoteSwiftPackageReference "kakao-ios-sdk-rx" */,
				DFC142892DBB538800EC6063 /* XCRemoteSwiftPackageReference "firebase-ios-sdk" */,
				DFD2696F2DBB559D00F90C12 /* XCRemoteSwiftPackageReference "ScaleKit" */,
			);
			preferredProjectObjectVersion = 77;
			productRefGroup = DF66506D2D88023400820F1A /* Products */;
			projectDirPath = "";
			projectRoot = "";
			targets = (
				DF66506B2D88023400820F1A /* Haruhancut */,
			);
		};
/* End PBXProject section */

/* Begin PBXResourcesBuildPhase section */
		DF66506A2D88023400820F1A /* Resources */ = {
			isa = PBXResourcesBuildPhase;
			buildActionMask = 2147483647;
			files = (
				DF4962B52DACD2860001437B /* RacingSansOne-Regular.ttf in Resources */,
				DF4962B62DACD2860001437B /* Pretendard-ExtraLight.otf in Resources */,
				DF4962B72DACD2860001437B /* Pretendard-SemiBold.otf in Resources */,
				DF4962B82DACD2860001437B /* Pretendard-Bold.otf in Resources */,
				DF4962B92DACD2860001437B /* Pretendard-ExtraBold.otf in Resources */,
				DF4962BA2DACD2860001437B /* Pretendard-Regular.otf in Resources */,
				DF4962BB2DACD2860001437B /* NanumMyeongjo-Regular.ttf in Resources */,
				DF4962BC2DACD2860001437B /* Pretendard-Black.otf in Resources */,
				DF4962BD2DACD2860001437B /* Pretendard-Light.otf in Resources */,
				DF4962BE2DACD2860001437B /* Pretendard-Medium.otf in Resources */,
				DF4962BF2DACD2860001437B /* Pretendard-Thin.otf in Resources */,
				DF5F3E8E2D95C47400245C20 /* Assets.xcassets in Resources */,
				DF9AEF172DA422A400466CC6 /* Config.xcconfig in Resources */,
				DF590B662DAB843F00956E54 /* GoogleService-Info.plist in Resources */,
				DF5F3E8F2D95C47400245C20 /* LaunchScreen.storyboard in Resources */,
			);
			runOnlyForDeploymentPostprocessing = 0;
		};
/* End PBXResourcesBuildPhase section */

/* Begin PBXSourcesBuildPhase section */
		DF6650682D88023400820F1A /* Sources */ = {
			isa = PBXSourcesBuildPhase;
			buildActionMask = 2147483647;
			files = (
				DFA5BE2E2DAF94A900CAD5D3 /* Date+.swift in Sources */,
				DFF576A72DB0D87B007BEADA /* AppleLoginManager.swift in Sources */,
				DF4B5BA62DAEBAD300A7ADD7 /* LoginViewModel.swift in Sources */,
				DF3CBB492DA809DB00AD5788 /* LoginRepository.swift in Sources */,
				DFDC82672DBD4998003C597D /* GroupUsecase.swift in Sources */,
				DF4B5BA02DAEBACE00A7ADD7 /* BirthdaySettingViewController.swift in Sources */,
				DF35040E2DB388B8002C1269 /* TextFieldSystem.swift in Sources */,
				DFDC826B2DBD4A12003C597D /* GroupRepository.swift in Sources */,
				DF4B5BA12DAEBACE00A7ADD7 /* LoginViewController.swift in Sources */,
				DF4B5BA22DAEBACE00A7ADD7 /* NicknameSettingViewController.swift in Sources */,
				DF3CBA1D2DA8079600AD5788 /* KakaoLoginManager.swift in Sources */,
				DF4962C72DACD96F0001437B /* UIColor+.swift in Sources */,
				DF5F3E5E2D95BE7000245C20 /* ViewController.swift in Sources */,
				DF3CBB4F2DA814F100AD5788 /* LoginUsecase.swift in Sources */,
				DF2AE60A2DB218A7007779D9 /* HomeViewController.swift in Sources */,
				DF4962C12DACD6840001437B /* FontSystem.swift in Sources */,
				DF3502E32DB36BBF002C1269 /* ButtonSystem.swift in Sources */,
				DF156B742DAD60E500918EE6 /* User.swift in Sources */,
				DFA98D2D2DBB35AA00C22770 /* GroupHostViewController.swift in Sources */,
				DF590B682DAB8D9F00956E54 /* FirebaseAuthManager.swift in Sources */,
				DF590B6A2DAB926600956E54 /* FirebaseError.swift in Sources */,
				DF8603512DB00CFF008ADB69 /* UserDefaultsManager.swift in Sources */,
				DFD757AA2D9C2A74008C82DF /* DIContainer.swift in Sources */,
				DFF1CBD82DBA8A5E00722B04 /* GroupViewModel.swift in Sources */,
				DF2AE6172DB218FD007779D9 /* GroupViewController.swift in Sources */,
				DF4962C52DACD8A60001437B /* ColorSystem.swift in Sources */,
				DF3CBB4D2DA80A6800AD5788 /* LoginRepositoryProtocol.swift in Sources */,
				DF3504102DB39892002C1269 /* LabelSystem.swift in Sources */,
				DF4962C92DACEF140001437B /* TextField+.swift in Sources */,
				DF2AE60E2DB218C6007779D9 /* HomeViewModel.swift in Sources */,
				DF156B762DAD610B00918EE6 /* UserDTO.swift in Sources */,
				DFB71C152DB62F7900FE8490 /* AppCoordinator.swift in Sources */,
				DF5F3E932D95C47700245C20 /* AppDelegate.swift in Sources */,
				DF0C249D2DACF65F00022AB0 /* UIViewController+.swift in Sources */,
				DF5F3E942D95C47700245C20 /* SceneDelegate.swift in Sources */,
				DFF1CBE02DBAAEC800722B04 /* GroupEnterViewController.swift in Sources */,
				DFDC82692DBD49D9003C597D /* GroupRepositoryProtocol.swift in Sources */,
			);
			runOnlyForDeploymentPostprocessing = 0;
		};
/* End PBXSourcesBuildPhase section */

/* Begin PBXVariantGroup section */
		DF5F3E8C2D95C47400245C20 /* LaunchScreen.storyboard */ = {
			isa = PBXVariantGroup;
			children = (
				DF5F3E8B2D95C47400245C20 /* Base */,
			);
			name = LaunchScreen.storyboard;
			sourceTree = "<group>";
		};
/* End PBXVariantGroup section */

/* Begin XCBuildConfiguration section */
		DF6650802D88023500820F1A /* Debug */ = {
			isa = XCBuildConfiguration;
			baseConfigurationReference = DF9AEF162DA422A400466CC6 /* Config.xcconfig */;
			buildSettings = {
				ASSETCATALOG_COMPILER_APPICON_NAME = AppIcon;
				ASSETCATALOG_COMPILER_GLOBAL_ACCENT_COLOR_NAME = AccentColor;
				CODE_SIGN_ENTITLEMENTS = Haruhancut/Haruhancut.entitlements;
				CODE_SIGN_IDENTITY = "Apple Development";
				"CODE_SIGN_IDENTITY[sdk=iphoneos*]" = "iPhone Developer";
				CODE_SIGN_STYLE = Manual;
				CURRENT_PROJECT_VERSION = 21;
				DEVELOPMENT_TEAM = "";
				"DEVELOPMENT_TEAM[sdk=iphoneos*]" = LGX4B4WC66;
				GENERATE_INFOPLIST_FILE = YES;
				INFOPLIST_FILE = Haruhancut/Info.plist;
				INFOPLIST_KEY_UIApplicationSupportsIndirectInputEvents = YES;
				INFOPLIST_KEY_UILaunchStoryboardName = LaunchScreen;
				INFOPLIST_KEY_UIMainStoryboardFile = "";
				INFOPLIST_KEY_UISupportedInterfaceOrientations = UIInterfaceOrientationPortrait;
				INFOPLIST_KEY_UISupportedInterfaceOrientations_iPad = "UIInterfaceOrientationLandscapeLeft UIInterfaceOrientationLandscapeRight UIInterfaceOrientationPortrait UIInterfaceOrientationPortraitUpsideDown";
				IPHONEOS_DEPLOYMENT_TARGET = 17.0;
				LD_RUNPATH_SEARCH_PATHS = (
					"$(inherited)",
					"@executable_path/Frameworks",
				);
				MARKETING_VERSION = 1.0.0;
				PRODUCT_BUNDLE_IDENTIFIER = com.indextrown.Haruhancut;
				PRODUCT_NAME = "$(TARGET_NAME)";
				PROVISIONING_PROFILE_SPECIFIER = "";
				"PROVISIONING_PROFILE_SPECIFIER[sdk=iphoneos*]" = "match Development com.indextrown.Haruhancut";
				SUPPORTED_PLATFORMS = "iphoneos iphonesimulator";
				SUPPORTS_MACCATALYST = NO;
				SUPPORTS_MAC_DESIGNED_FOR_IPHONE_IPAD = NO;
				SUPPORTS_XR_DESIGNED_FOR_IPHONE_IPAD = NO;
				SWIFT_EMIT_LOC_STRINGS = YES;
				SWIFT_VERSION = 5.0;
				TARGETED_DEVICE_FAMILY = 1;
			};
			name = Debug;
		};
		DF6650812D88023500820F1A /* Release */ = {
			isa = XCBuildConfiguration;
			baseConfigurationReference = DF9AEF162DA422A400466CC6 /* Config.xcconfig */;
			buildSettings = {
				ASSETCATALOG_COMPILER_APPICON_NAME = AppIcon;
				ASSETCATALOG_COMPILER_GLOBAL_ACCENT_COLOR_NAME = AccentColor;
				CODE_SIGN_ENTITLEMENTS = Haruhancut/Haruhancut.entitlements;
				CODE_SIGN_IDENTITY = "Apple Development";
				"CODE_SIGN_IDENTITY[sdk=iphoneos*]" = "iPhone Developer";
				CODE_SIGN_STYLE = Manual;
				CURRENT_PROJECT_VERSION = 21;
				DEVELOPMENT_TEAM = "";
				"DEVELOPMENT_TEAM[sdk=iphoneos*]" = LGX4B4WC66;
				GENERATE_INFOPLIST_FILE = YES;
				INFOPLIST_FILE = Haruhancut/Info.plist;
				INFOPLIST_KEY_UIApplicationSupportsIndirectInputEvents = YES;
				INFOPLIST_KEY_UILaunchStoryboardName = LaunchScreen;
				INFOPLIST_KEY_UIMainStoryboardFile = "";
				INFOPLIST_KEY_UISupportedInterfaceOrientations = UIInterfaceOrientationPortrait;
				INFOPLIST_KEY_UISupportedInterfaceOrientations_iPad = "UIInterfaceOrientationLandscapeLeft UIInterfaceOrientationLandscapeRight UIInterfaceOrientationPortrait UIInterfaceOrientationPortraitUpsideDown";
				IPHONEOS_DEPLOYMENT_TARGET = 17.0;
				LD_RUNPATH_SEARCH_PATHS = (
					"$(inherited)",
					"@executable_path/Frameworks",
				);
				MARKETING_VERSION = 1.0.0;
				PRODUCT_BUNDLE_IDENTIFIER = com.indextrown.Haruhancut;
				PRODUCT_NAME = "$(TARGET_NAME)";
				PROVISIONING_PROFILE_SPECIFIER = "";
				"PROVISIONING_PROFILE_SPECIFIER[sdk=iphoneos*]" = "match Development com.indextrown.Haruhancut";
				SUPPORTED_PLATFORMS = "iphoneos iphonesimulator";
				SUPPORTS_MACCATALYST = NO;
				SUPPORTS_MAC_DESIGNED_FOR_IPHONE_IPAD = NO;
				SUPPORTS_XR_DESIGNED_FOR_IPHONE_IPAD = NO;
				SWIFT_EMIT_LOC_STRINGS = YES;
				SWIFT_VERSION = 5.0;
				TARGETED_DEVICE_FAMILY = 1;
			};
			name = Release;
		};
		DF6650822D88023500820F1A /* Debug */ = {
			isa = XCBuildConfiguration;
			baseConfigurationReference = DF9AEF162DA422A400466CC6 /* Config.xcconfig */;
			buildSettings = {
				ALWAYS_SEARCH_USER_PATHS = NO;
				ASSETCATALOG_COMPILER_GENERATE_SWIFT_ASSET_SYMBOL_EXTENSIONS = YES;
				CLANG_ANALYZER_NONNULL = YES;
				CLANG_ANALYZER_NUMBER_OBJECT_CONVERSION = YES_AGGRESSIVE;
				CLANG_CXX_LANGUAGE_STANDARD = "gnu++20";
				CLANG_ENABLE_MODULES = YES;
				CLANG_ENABLE_OBJC_ARC = YES;
				CLANG_ENABLE_OBJC_WEAK = YES;
				CLANG_WARN_BLOCK_CAPTURE_AUTORELEASING = YES;
				CLANG_WARN_BOOL_CONVERSION = YES;
				CLANG_WARN_COMMA = YES;
				CLANG_WARN_CONSTANT_CONVERSION = YES;
				CLANG_WARN_DEPRECATED_OBJC_IMPLEMENTATIONS = YES;
				CLANG_WARN_DIRECT_OBJC_ISA_USAGE = YES_ERROR;
				CLANG_WARN_DOCUMENTATION_COMMENTS = YES;
				CLANG_WARN_EMPTY_BODY = YES;
				CLANG_WARN_ENUM_CONVERSION = YES;
				CLANG_WARN_INFINITE_RECURSION = YES;
				CLANG_WARN_INT_CONVERSION = YES;
				CLANG_WARN_NON_LITERAL_NULL_CONVERSION = YES;
				CLANG_WARN_OBJC_IMPLICIT_RETAIN_SELF = YES;
				CLANG_WARN_OBJC_LITERAL_CONVERSION = YES;
				CLANG_WARN_OBJC_ROOT_CLASS = YES_ERROR;
				CLANG_WARN_QUOTED_INCLUDE_IN_FRAMEWORK_HEADER = YES;
				CLANG_WARN_RANGE_LOOP_ANALYSIS = YES;
				CLANG_WARN_STRICT_PROTOTYPES = YES;
				CLANG_WARN_SUSPICIOUS_MOVE = YES;
				CLANG_WARN_UNGUARDED_AVAILABILITY = YES_AGGRESSIVE;
				CLANG_WARN_UNREACHABLE_CODE = YES;
				CLANG_WARN__DUPLICATE_METHOD_MATCH = YES;
				COPY_PHASE_STRIP = NO;
				DEBUG_INFORMATION_FORMAT = dwarf;
				ENABLE_STRICT_OBJC_MSGSEND = YES;
				ENABLE_TESTABILITY = YES;
				ENABLE_USER_SCRIPT_SANDBOXING = YES;
				GCC_C_LANGUAGE_STANDARD = gnu17;
				GCC_DYNAMIC_NO_PIC = NO;
				GCC_NO_COMMON_BLOCKS = YES;
				GCC_OPTIMIZATION_LEVEL = 0;
				GCC_PREPROCESSOR_DEFINITIONS = (
					"DEBUG=1",
					"$(inherited)",
				);
				GCC_WARN_64_TO_32_BIT_CONVERSION = YES;
				GCC_WARN_ABOUT_RETURN_TYPE = YES_ERROR;
				GCC_WARN_UNDECLARED_SELECTOR = YES;
				GCC_WARN_UNINITIALIZED_AUTOS = YES_AGGRESSIVE;
				GCC_WARN_UNUSED_FUNCTION = YES;
				GCC_WARN_UNUSED_VARIABLE = YES;
				IPHONEOS_DEPLOYMENT_TARGET = 18.2;
				LOCALIZATION_PREFERS_STRING_CATALOGS = YES;
				MTL_ENABLE_DEBUG_INFO = INCLUDE_SOURCE;
				MTL_FAST_MATH = YES;
				ONLY_ACTIVE_ARCH = YES;
				SDKROOT = iphoneos;
				SWIFT_ACTIVE_COMPILATION_CONDITIONS = "DEBUG $(inherited)";
				SWIFT_OPTIMIZATION_LEVEL = "-Onone";
			};
			name = Debug;
		};
		DF6650832D88023500820F1A /* Release */ = {
			isa = XCBuildConfiguration;
			baseConfigurationReference = DF9AEF162DA422A400466CC6 /* Config.xcconfig */;
			buildSettings = {
				ALWAYS_SEARCH_USER_PATHS = NO;
				ASSETCATALOG_COMPILER_GENERATE_SWIFT_ASSET_SYMBOL_EXTENSIONS = YES;
				CLANG_ANALYZER_NONNULL = YES;
				CLANG_ANALYZER_NUMBER_OBJECT_CONVERSION = YES_AGGRESSIVE;
				CLANG_CXX_LANGUAGE_STANDARD = "gnu++20";
				CLANG_ENABLE_MODULES = YES;
				CLANG_ENABLE_OBJC_ARC = YES;
				CLANG_ENABLE_OBJC_WEAK = YES;
				CLANG_WARN_BLOCK_CAPTURE_AUTORELEASING = YES;
				CLANG_WARN_BOOL_CONVERSION = YES;
				CLANG_WARN_COMMA = YES;
				CLANG_WARN_CONSTANT_CONVERSION = YES;
				CLANG_WARN_DEPRECATED_OBJC_IMPLEMENTATIONS = YES;
				CLANG_WARN_DIRECT_OBJC_ISA_USAGE = YES_ERROR;
				CLANG_WARN_DOCUMENTATION_COMMENTS = YES;
				CLANG_WARN_EMPTY_BODY = YES;
				CLANG_WARN_ENUM_CONVERSION = YES;
				CLANG_WARN_INFINITE_RECURSION = YES;
				CLANG_WARN_INT_CONVERSION = YES;
				CLANG_WARN_NON_LITERAL_NULL_CONVERSION = YES;
				CLANG_WARN_OBJC_IMPLICIT_RETAIN_SELF = YES;
				CLANG_WARN_OBJC_LITERAL_CONVERSION = YES;
				CLANG_WARN_OBJC_ROOT_CLASS = YES_ERROR;
				CLANG_WARN_QUOTED_INCLUDE_IN_FRAMEWORK_HEADER = YES;
				CLANG_WARN_RANGE_LOOP_ANALYSIS = YES;
				CLANG_WARN_STRICT_PROTOTYPES = YES;
				CLANG_WARN_SUSPICIOUS_MOVE = YES;
				CLANG_WARN_UNGUARDED_AVAILABILITY = YES_AGGRESSIVE;
				CLANG_WARN_UNREACHABLE_CODE = YES;
				CLANG_WARN__DUPLICATE_METHOD_MATCH = YES;
				COPY_PHASE_STRIP = NO;
				DEBUG_INFORMATION_FORMAT = "dwarf-with-dsym";
				ENABLE_NS_ASSERTIONS = NO;
				ENABLE_STRICT_OBJC_MSGSEND = YES;
				ENABLE_USER_SCRIPT_SANDBOXING = YES;
				GCC_C_LANGUAGE_STANDARD = gnu17;
				GCC_NO_COMMON_BLOCKS = YES;
				GCC_WARN_64_TO_32_BIT_CONVERSION = YES;
				GCC_WARN_ABOUT_RETURN_TYPE = YES_ERROR;
				GCC_WARN_UNDECLARED_SELECTOR = YES;
				GCC_WARN_UNINITIALIZED_AUTOS = YES_AGGRESSIVE;
				GCC_WARN_UNUSED_FUNCTION = YES;
				GCC_WARN_UNUSED_VARIABLE = YES;
				IPHONEOS_DEPLOYMENT_TARGET = 18.2;
				LOCALIZATION_PREFERS_STRING_CATALOGS = YES;
				MTL_ENABLE_DEBUG_INFO = NO;
				MTL_FAST_MATH = YES;
				SDKROOT = iphoneos;
				SWIFT_COMPILATION_MODE = wholemodule;
				VALIDATE_PRODUCT = YES;
			};
			name = Release;
		};
/* End XCBuildConfiguration section */

/* Begin XCConfigurationList section */
		DF6650672D88023400820F1A /* Build configuration list for PBXProject "Haruhancut" */ = {
			isa = XCConfigurationList;
			buildConfigurations = (
				DF6650822D88023500820F1A /* Debug */,
				DF6650832D88023500820F1A /* Release */,
			);
			defaultConfigurationIsVisible = 0;
			defaultConfigurationName = Release;
		};
		DF66507F2D88023500820F1A /* Build configuration list for PBXNativeTarget "Haruhancut" */ = {
			isa = XCConfigurationList;
			buildConfigurations = (
				DF6650802D88023500820F1A /* Debug */,
				DF6650812D88023500820F1A /* Release */,
			);
			defaultConfigurationIsVisible = 0;
			defaultConfigurationName = Release;
		};
/* End XCConfigurationList section */

/* Begin XCRemoteSwiftPackageReference section */
		DFC142792DBB530100EC6063 /* XCRemoteSwiftPackageReference "lottie-spm" */ = {
			isa = XCRemoteSwiftPackageReference;
			repositoryURL = "https://github.com/airbnb/lottie-spm";
			requirement = {
				kind = upToNextMajorVersion;
				minimumVersion = 4.5.1;
			};
		};
		DFC1427C2DBB533000EC6063 /* XCRemoteSwiftPackageReference "kakao-ios-sdk-rx" */ = {
			isa = XCRemoteSwiftPackageReference;
			repositoryURL = "https://github.com/kakao/kakao-ios-sdk-rx";
			requirement = {
				kind = upToNextMajorVersion;
				minimumVersion = 2.24.1;
			};
		};
		DFC142892DBB538800EC6063 /* XCRemoteSwiftPackageReference "firebase-ios-sdk" */ = {
			isa = XCRemoteSwiftPackageReference;
			repositoryURL = "https://github.com/firebase/firebase-ios-sdk.git";
			requirement = {
				kind = upToNextMajorVersion;
				minimumVersion = 11.12.0;
			};
		};
		DFD2696F2DBB559D00F90C12 /* XCRemoteSwiftPackageReference "ScaleKit" */ = {
			isa = XCRemoteSwiftPackageReference;
			repositoryURL = "https://github.com/indextrown/ScaleKit";
			requirement = {
				kind = upToNextMajorVersion;
				minimumVersion = 1.1.2;
			};
		};
/* End XCRemoteSwiftPackageReference section */

/* Begin XCSwiftPackageProductDependency section */
		DFC1427A2DBB530100EC6063 /* Lottie */ = {
			isa = XCSwiftPackageProductDependency;
			package = DFC142792DBB530100EC6063 /* XCRemoteSwiftPackageReference "lottie-spm" */;
			productName = Lottie;
		};
		DFC1427D2DBB533000EC6063 /* RxKakaoSDK */ = {
			isa = XCSwiftPackageProductDependency;
			package = DFC1427C2DBB533000EC6063 /* XCRemoteSwiftPackageReference "kakao-ios-sdk-rx" */;
			productName = RxKakaoSDK;
		};
		DFC1427F2DBB533000EC6063 /* RxKakaoSDKAuth */ = {
			isa = XCSwiftPackageProductDependency;
			package = DFC1427C2DBB533000EC6063 /* XCRemoteSwiftPackageReference "kakao-ios-sdk-rx" */;
			productName = RxKakaoSDKAuth;
		};
		DFC142812DBB533000EC6063 /* RxKakaoSDKCommon */ = {
			isa = XCSwiftPackageProductDependency;
			package = DFC1427C2DBB533000EC6063 /* XCRemoteSwiftPackageReference "kakao-ios-sdk-rx" */;
			productName = RxKakaoSDKCommon;
		};
		DFC142832DBB533000EC6063 /* RxKakaoSDKFriend */ = {
			isa = XCSwiftPackageProductDependency;
			package = DFC1427C2DBB533000EC6063 /* XCRemoteSwiftPackageReference "kakao-ios-sdk-rx" */;
			productName = RxKakaoSDKFriend;
		};
		DFC142852DBB533000EC6063 /* RxKakaoSDKShare */ = {
			isa = XCSwiftPackageProductDependency;
			package = DFC1427C2DBB533000EC6063 /* XCRemoteSwiftPackageReference "kakao-ios-sdk-rx" */;
			productName = RxKakaoSDKShare;
		};
		DFC142872DBB533000EC6063 /* RxKakaoSDKUser */ = {
			isa = XCSwiftPackageProductDependency;
			package = DFC1427C2DBB533000EC6063 /* XCRemoteSwiftPackageReference "kakao-ios-sdk-rx" */;
			productName = RxKakaoSDKUser;
		};
		DFC1428A2DBB538800EC6063 /* FirebaseAuth */ = {
			isa = XCSwiftPackageProductDependency;
			package = DFC142892DBB538800EC6063 /* XCRemoteSwiftPackageReference "firebase-ios-sdk" */;
			productName = FirebaseAuth;
		};
		DFC1428C2DBB538800EC6063 /* FirebaseDatabase */ = {
			isa = XCSwiftPackageProductDependency;
			package = DFC142892DBB538800EC6063 /* XCRemoteSwiftPackageReference "firebase-ios-sdk" */;
			productName = FirebaseDatabase;
		};
		DFC1428E2DBB538800EC6063 /* FirebaseFirestore */ = {
			isa = XCSwiftPackageProductDependency;
			package = DFC142892DBB538800EC6063 /* XCRemoteSwiftPackageReference "firebase-ios-sdk" */;
			productName = FirebaseFirestore;
		};
		DFC142902DBB538800EC6063 /* FirebaseStorage */ = {
			isa = XCSwiftPackageProductDependency;
			package = DFC142892DBB538800EC6063 /* XCRemoteSwiftPackageReference "firebase-ios-sdk" */;
			productName = FirebaseStorage;
		};
		DFD269702DBB559D00F90C12 /* ScaleKit */ = {
			isa = XCSwiftPackageProductDependency;
			package = DFD2696F2DBB559D00F90C12 /* XCRemoteSwiftPackageReference "ScaleKit" */;
			productName = ScaleKit;
		};
/* End XCSwiftPackageProductDependency section */
	};
	rootObject = DF6650642D88023400820F1A /* Project object */;
}
