// !$*UTF8*$!
{
	archiveVersion = 1;
	classes = {
	};
	objectVersion = 77;
	objects = {

/* Begin PBXBuildFile section */
		DF31444F2DAC3DAD006769BC /* TestViewController.swift in Sources */ = {isa = PBXBuildFile; fileRef = DF31444E2DAC3DAD006769BC /* TestViewController.swift */; };
		DF3326BD2DA9097D00BB2CB9 /* NicknameSettingViewController.swift in Sources */ = {isa = PBXBuildFile; fileRef = DF3326BC2DA9097D00BB2CB9 /* NicknameSettingViewController.swift */; };
		DF3CBA1D2DA8079600AD5788 /* KakaoLoginManager.swift in Sources */ = {isa = PBXBuildFile; fileRef = DF3CBA1C2DA8079600AD5788 /* KakaoLoginManager.swift */; };
		DF3CBB492DA809DB00AD5788 /* AuthRepository.swift in Sources */ = {isa = PBXBuildFile; fileRef = DF3CBB482DA809DB00AD5788 /* AuthRepository.swift */; };
		DF3CBB4D2DA80A6800AD5788 /* LoginRepositoryProtocol.swift in Sources */ = {isa = PBXBuildFile; fileRef = DF3CBB4C2DA80A6800AD5788 /* LoginRepositoryProtocol.swift */; };
		DF3CBB4F2DA814F100AD5788 /* LoginUsecase.swift in Sources */ = {isa = PBXBuildFile; fileRef = DF3CBB4E2DA814F100AD5788 /* LoginUsecase.swift */; };
		DF4962B52DACD2860001437B /* RacingSansOne-Regular.ttf in Resources */ = {isa = PBXBuildFile; fileRef = DF4962B42DACD2860001437B /* RacingSansOne-Regular.ttf */; };
		DF4962B62DACD2860001437B /* Pretendard-ExtraLight.otf in Resources */ = {isa = PBXBuildFile; fileRef = DF4962AE2DACD2860001437B /* Pretendard-ExtraLight.otf */; };
		DF4962B72DACD2860001437B /* Pretendard-SemiBold.otf in Resources */ = {isa = PBXBuildFile; fileRef = DF4962B22DACD2860001437B /* Pretendard-SemiBold.otf */; };
		DF4962B82DACD2860001437B /* Pretendard-Bold.otf in Resources */ = {isa = PBXBuildFile; fileRef = DF4962AC2DACD2860001437B /* Pretendard-Bold.otf */; };
		DF4962B92DACD2860001437B /* Pretendard-ExtraBold.otf in Resources */ = {isa = PBXBuildFile; fileRef = DF4962AD2DACD2860001437B /* Pretendard-ExtraBold.otf */; };
		DF4962BA2DACD2860001437B /* Pretendard-Regular.otf in Resources */ = {isa = PBXBuildFile; fileRef = DF4962B12DACD2860001437B /* Pretendard-Regular.otf */; };
		DF4962BB2DACD2860001437B /* NanumMyeongjo-Regular.ttf in Resources */ = {isa = PBXBuildFile; fileRef = DF4962AA2DACD2860001437B /* NanumMyeongjo-Regular.ttf */; };
		DF4962BC2DACD2860001437B /* Pretendard-Black.otf in Resources */ = {isa = PBXBuildFile; fileRef = DF4962AB2DACD2860001437B /* Pretendard-Black.otf */; };
		DF4962BD2DACD2860001437B /* Pretendard-Light.otf in Resources */ = {isa = PBXBuildFile; fileRef = DF4962AF2DACD2860001437B /* Pretendard-Light.otf */; };
		DF4962BE2DACD2860001437B /* Pretendard-Medium.otf in Resources */ = {isa = PBXBuildFile; fileRef = DF4962B02DACD2860001437B /* Pretendard-Medium.otf */; };
		DF4962BF2DACD2860001437B /* Pretendard-Thin.otf in Resources */ = {isa = PBXBuildFile; fileRef = DF4962B32DACD2860001437B /* Pretendard-Thin.otf */; };
		DF4962C12DACD6840001437B /* FontSystem.swift in Sources */ = {isa = PBXBuildFile; fileRef = DF4962C02DACD6840001437B /* FontSystem.swift */; };
		DF4962C52DACD8A60001437B /* ColorSystem.swift in Sources */ = {isa = PBXBuildFile; fileRef = DF4962C42DACD8A60001437B /* ColorSystem.swift */; };
		DF4962C72DACD96F0001437B /* UIColor+Extension.swift in Sources */ = {isa = PBXBuildFile; fileRef = DF4962C62DACD96F0001437B /* UIColor+Extension.swift */; };
		DF4962C92DACEF140001437B /* TextField+Extension.swift in Sources */ = {isa = PBXBuildFile; fileRef = DF4962C82DACEF140001437B /* TextField+Extension.swift */; };
		DF4962CB2DACF0740001437B /* BirthdaySettingViewController.swift in Sources */ = {isa = PBXBuildFile; fileRef = DF4962CA2DACF0740001437B /* BirthdaySettingViewController.swift */; };
		DF590B662DAB843F00956E54 /* GoogleService-Info.plist in Resources */ = {isa = PBXBuildFile; fileRef = DF590B652DAB843F00956E54 /* GoogleService-Info.plist */; };
		DF590B682DAB8D9F00956E54 /* FirebaseAuthManager.swift in Sources */ = {isa = PBXBuildFile; fileRef = DF590B672DAB8D9F00956E54 /* FirebaseAuthManager.swift */; };
		DF590B6A2DAB926600956E54 /* FirebaseError.swift in Sources */ = {isa = PBXBuildFile; fileRef = DF590B692DAB926600956E54 /* FirebaseError.swift */; };
		DF5F3E5E2D95BE7000245C20 /* ViewController.swift in Sources */ = {isa = PBXBuildFile; fileRef = DF5F3E5A2D95BE7000245C20 /* ViewController.swift */; };
		DF5F3E8E2D95C47400245C20 /* Assets.xcassets in Resources */ = {isa = PBXBuildFile; fileRef = DF5F3E8A2D95C47400245C20 /* Assets.xcassets */; };
		DF5F3E8F2D95C47400245C20 /* LaunchScreen.storyboard in Resources */ = {isa = PBXBuildFile; fileRef = DF5F3E8C2D95C47400245C20 /* LaunchScreen.storyboard */; };
		DF5F3E932D95C47700245C20 /* AppDelegate.swift in Sources */ = {isa = PBXBuildFile; fileRef = DF5F3E902D95C47700245C20 /* AppDelegate.swift */; };
		DF5F3E942D95C47700245C20 /* SceneDelegate.swift in Sources */ = {isa = PBXBuildFile; fileRef = DF5F3E912D95C47700245C20 /* SceneDelegate.swift */; };
		DF9AEEEF2DA420F400466CC6 /* FirebaseAuth in Frameworks */ = {isa = PBXBuildFile; productRef = DF9AEEEE2DA420F400466CC6 /* FirebaseAuth */; };
		DF9AEEF12DA420F400466CC6 /* FirebaseAuthCombine-Community in Frameworks */ = {isa = PBXBuildFile; productRef = DF9AEEF02DA420F400466CC6 /* FirebaseAuthCombine-Community */; };
		DF9AEEF32DA420F400466CC6 /* FirebaseDatabase in Frameworks */ = {isa = PBXBuildFile; productRef = DF9AEEF22DA420F400466CC6 /* FirebaseDatabase */; };
		DF9AEEF52DA420F400466CC6 /* FirebaseStorage in Frameworks */ = {isa = PBXBuildFile; productRef = DF9AEEF42DA420F400466CC6 /* FirebaseStorage */; };
		DF9AEEF72DA420F400466CC6 /* FirebaseStorageCombine-Community in Frameworks */ = {isa = PBXBuildFile; productRef = DF9AEEF62DA420F400466CC6 /* FirebaseStorageCombine-Community */; };
		DF9AEF172DA422A400466CC6 /* Config.xcconfig in Resources */ = {isa = PBXBuildFile; fileRef = DF9AEF162DA422A400466CC6 /* Config.xcconfig */; };
		DF9AEF1C2DA4255C00466CC6 /* RxKakaoSDKAuth in Frameworks */ = {isa = PBXBuildFile; productRef = DF9AEF1B2DA4255C00466CC6 /* RxKakaoSDKAuth */; };
		DF9AEF1E2DA4255C00466CC6 /* RxKakaoSDKUser in Frameworks */ = {isa = PBXBuildFile; productRef = DF9AEF1D2DA4255C00466CC6 /* RxKakaoSDKUser */; };
		DF9AEF602DA4380A00466CC6 /* LoginViewModel.swift in Sources */ = {isa = PBXBuildFile; fileRef = DF9AEF5F2DA4380A00466CC6 /* LoginViewModel.swift */; };
		DF9B3DB42D9B0541009162CF /* LoginViewController.swift in Sources */ = {isa = PBXBuildFile; fileRef = DF9B3DB32D9B0541009162CF /* LoginViewController.swift */; };
		DFBD5C762DA9045D00A21953 /* HomeViewController.swift in Sources */ = {isa = PBXBuildFile; fileRef = DFBD5C752DA9045D00A21953 /* HomeViewController.swift */; };
		DFD757AA2D9C2A74008C82DF /* DIContainer.swift in Sources */ = {isa = PBXBuildFile; fileRef = DFD757A92D9C2A74008C82DF /* DIContainer.swift */; };
/* End PBXBuildFile section */

/* Begin PBXFileReference section */
		DF31444E2DAC3DAD006769BC /* TestViewController.swift */ = {isa = PBXFileReference; lastKnownFileType = sourcecode.swift; path = TestViewController.swift; sourceTree = "<group>"; };
		DF3326BC2DA9097D00BB2CB9 /* NicknameSettingViewController.swift */ = {isa = PBXFileReference; lastKnownFileType = sourcecode.swift; path = NicknameSettingViewController.swift; sourceTree = "<group>"; };
		DF3CBA1C2DA8079600AD5788 /* KakaoLoginManager.swift */ = {isa = PBXFileReference; lastKnownFileType = sourcecode.swift; path = KakaoLoginManager.swift; sourceTree = "<group>"; };
		DF3CBB482DA809DB00AD5788 /* AuthRepository.swift */ = {isa = PBXFileReference; lastKnownFileType = sourcecode.swift; path = AuthRepository.swift; sourceTree = "<group>"; };
		DF3CBB4C2DA80A6800AD5788 /* LoginRepositoryProtocol.swift */ = {isa = PBXFileReference; lastKnownFileType = sourcecode.swift; path = LoginRepositoryProtocol.swift; sourceTree = "<group>"; };
		DF3CBB4E2DA814F100AD5788 /* LoginUsecase.swift */ = {isa = PBXFileReference; lastKnownFileType = sourcecode.swift; path = LoginUsecase.swift; sourceTree = "<group>"; };
		DF4962AA2DACD2860001437B /* NanumMyeongjo-Regular.ttf */ = {isa = PBXFileReference; lastKnownFileType = file; path = "NanumMyeongjo-Regular.ttf"; sourceTree = "<group>"; };
		DF4962AB2DACD2860001437B /* Pretendard-Black.otf */ = {isa = PBXFileReference; lastKnownFileType = file; path = "Pretendard-Black.otf"; sourceTree = "<group>"; };
		DF4962AC2DACD2860001437B /* Pretendard-Bold.otf */ = {isa = PBXFileReference; lastKnownFileType = file; path = "Pretendard-Bold.otf"; sourceTree = "<group>"; };
		DF4962AD2DACD2860001437B /* Pretendard-ExtraBold.otf */ = {isa = PBXFileReference; lastKnownFileType = file; path = "Pretendard-ExtraBold.otf"; sourceTree = "<group>"; };
		DF4962AE2DACD2860001437B /* Pretendard-ExtraLight.otf */ = {isa = PBXFileReference; lastKnownFileType = file; path = "Pretendard-ExtraLight.otf"; sourceTree = "<group>"; };
		DF4962AF2DACD2860001437B /* Pretendard-Light.otf */ = {isa = PBXFileReference; lastKnownFileType = file; path = "Pretendard-Light.otf"; sourceTree = "<group>"; };
		DF4962B02DACD2860001437B /* Pretendard-Medium.otf */ = {isa = PBXFileReference; lastKnownFileType = file; path = "Pretendard-Medium.otf"; sourceTree = "<group>"; };
		DF4962B12DACD2860001437B /* Pretendard-Regular.otf */ = {isa = PBXFileReference; lastKnownFileType = file; path = "Pretendard-Regular.otf"; sourceTree = "<group>"; };
		DF4962B22DACD2860001437B /* Pretendard-SemiBold.otf */ = {isa = PBXFileReference; lastKnownFileType = file; path = "Pretendard-SemiBold.otf"; sourceTree = "<group>"; };
		DF4962B32DACD2860001437B /* Pretendard-Thin.otf */ = {isa = PBXFileReference; lastKnownFileType = file; path = "Pretendard-Thin.otf"; sourceTree = "<group>"; };
		DF4962B42DACD2860001437B /* RacingSansOne-Regular.ttf */ = {isa = PBXFileReference; lastKnownFileType = file; path = "RacingSansOne-Regular.ttf"; sourceTree = "<group>"; };
		DF4962C02DACD6840001437B /* FontSystem.swift */ = {isa = PBXFileReference; lastKnownFileType = sourcecode.swift; path = FontSystem.swift; sourceTree = "<group>"; };
		DF4962C42DACD8A60001437B /* ColorSystem.swift */ = {isa = PBXFileReference; lastKnownFileType = sourcecode.swift; path = ColorSystem.swift; sourceTree = "<group>"; };
		DF4962C62DACD96F0001437B /* UIColor+Extension.swift */ = {isa = PBXFileReference; lastKnownFileType = sourcecode.swift; path = "UIColor+Extension.swift"; sourceTree = "<group>"; };
		DF4962C82DACEF140001437B /* TextField+Extension.swift */ = {isa = PBXFileReference; lastKnownFileType = sourcecode.swift; path = "TextField+Extension.swift"; sourceTree = "<group>"; };
		DF4962CA2DACF0740001437B /* BirthdaySettingViewController.swift */ = {isa = PBXFileReference; lastKnownFileType = sourcecode.swift; path = BirthdaySettingViewController.swift; sourceTree = "<group>"; };
		DF590B652DAB843F00956E54 /* GoogleService-Info.plist */ = {isa = PBXFileReference; lastKnownFileType = text.plist.xml; path = "GoogleService-Info.plist"; sourceTree = "<group>"; };
		DF590B672DAB8D9F00956E54 /* FirebaseAuthManager.swift */ = {isa = PBXFileReference; lastKnownFileType = sourcecode.swift; path = FirebaseAuthManager.swift; sourceTree = "<group>"; };
		DF590B692DAB926600956E54 /* FirebaseError.swift */ = {isa = PBXFileReference; lastKnownFileType = sourcecode.swift; path = FirebaseError.swift; sourceTree = "<group>"; };
		DF5F3E572D95BE7000245C20 /* Info.plist */ = {isa = PBXFileReference; lastKnownFileType = text.plist.xml; path = Info.plist; sourceTree = "<group>"; };
		DF5F3E5A2D95BE7000245C20 /* ViewController.swift */ = {isa = PBXFileReference; lastKnownFileType = sourcecode.swift; path = ViewController.swift; sourceTree = "<group>"; };
		DF5F3E8A2D95C47400245C20 /* Assets.xcassets */ = {isa = PBXFileReference; lastKnownFileType = folder.assetcatalog; path = Assets.xcassets; sourceTree = "<group>"; };
		DF5F3E8B2D95C47400245C20 /* Base */ = {isa = PBXFileReference; lastKnownFileType = file.storyboard; name = Base; path = Base.lproj/LaunchScreen.storyboard; sourceTree = "<group>"; };
		DF5F3E902D95C47700245C20 /* AppDelegate.swift */ = {isa = PBXFileReference; lastKnownFileType = sourcecode.swift; path = AppDelegate.swift; sourceTree = "<group>"; };
		DF5F3E912D95C47700245C20 /* SceneDelegate.swift */ = {isa = PBXFileReference; lastKnownFileType = sourcecode.swift; path = SceneDelegate.swift; sourceTree = "<group>"; };
		DF66506C2D88023400820F1A /* Haruhancut.app */ = {isa = PBXFileReference; explicitFileType = wrapper.application; includeInIndex = 0; path = Haruhancut.app; sourceTree = BUILT_PRODUCTS_DIR; };
		DF9AEEEC2DA41F6800466CC6 /* Haruhancut.entitlements */ = {isa = PBXFileReference; lastKnownFileType = text.plist.entitlements; path = Haruhancut.entitlements; sourceTree = "<group>"; };
		DF9AEF162DA422A400466CC6 /* Config.xcconfig */ = {isa = PBXFileReference; lastKnownFileType = text.xcconfig; path = Config.xcconfig; sourceTree = "<group>"; };
		DF9AEF5F2DA4380A00466CC6 /* LoginViewModel.swift */ = {isa = PBXFileReference; lastKnownFileType = sourcecode.swift; path = LoginViewModel.swift; sourceTree = "<group>"; };
		DF9B3DB32D9B0541009162CF /* LoginViewController.swift */ = {isa = PBXFileReference; lastKnownFileType = sourcecode.swift; path = LoginViewController.swift; sourceTree = "<group>"; };
		DFBD5C752DA9045D00A21953 /* HomeViewController.swift */ = {isa = PBXFileReference; lastKnownFileType = sourcecode.swift; path = HomeViewController.swift; sourceTree = "<group>"; };
		DFD757A92D9C2A74008C82DF /* DIContainer.swift */ = {isa = PBXFileReference; lastKnownFileType = sourcecode.swift; path = DIContainer.swift; sourceTree = "<group>"; };
/* End PBXFileReference section */

/* Begin PBXFrameworksBuildPhase section */
		DF6650692D88023400820F1A /* Frameworks */ = {
			isa = PBXFrameworksBuildPhase;
			buildActionMask = 2147483647;
			files = (
				DF9AEEF32DA420F400466CC6 /* FirebaseDatabase in Frameworks */,
				DF9AEEF52DA420F400466CC6 /* FirebaseStorage in Frameworks */,
				DF9AEEF72DA420F400466CC6 /* FirebaseStorageCombine-Community in Frameworks */,
				DF9AEF1C2DA4255C00466CC6 /* RxKakaoSDKAuth in Frameworks */,
				DF9AEEEF2DA420F400466CC6 /* FirebaseAuth in Frameworks */,
				DF9AEF1E2DA4255C00466CC6 /* RxKakaoSDKUser in Frameworks */,
				DF9AEEF12DA420F400466CC6 /* FirebaseAuthCombine-Community in Frameworks */,
			);
			runOnlyForDeploymentPostprocessing = 0;
		};
/* End PBXFrameworksBuildPhase section */

/* Begin PBXGroup section */
		DF3CBB472DA809CD00AD5788 /* RepositoryImpl */ = {
			isa = PBXGroup;
			children = (
				DF3CBB482DA809DB00AD5788 /* AuthRepository.swift */,
			);
			path = RepositoryImpl;
			sourceTree = "<group>";
		};
		DF3CBB4B2DA80A5C00AD5788 /* RepositoryProtocol */ = {
			isa = PBXGroup;
			children = (
				DF3CBB4C2DA80A6800AD5788 /* LoginRepositoryProtocol.swift */,
			);
			path = RepositoryProtocol;
			sourceTree = "<group>";
		};
		DF4962A92DACD2730001437B /* Fonts */ = {
			isa = PBXGroup;
			children = (
				DF4962AA2DACD2860001437B /* NanumMyeongjo-Regular.ttf */,
				DF4962AB2DACD2860001437B /* Pretendard-Black.otf */,
				DF4962AC2DACD2860001437B /* Pretendard-Bold.otf */,
				DF4962AD2DACD2860001437B /* Pretendard-ExtraBold.otf */,
				DF4962AE2DACD2860001437B /* Pretendard-ExtraLight.otf */,
				DF4962AF2DACD2860001437B /* Pretendard-Light.otf */,
				DF4962B02DACD2860001437B /* Pretendard-Medium.otf */,
				DF4962B12DACD2860001437B /* Pretendard-Regular.otf */,
				DF4962B22DACD2860001437B /* Pretendard-SemiBold.otf */,
				DF4962B32DACD2860001437B /* Pretendard-Thin.otf */,
				DF4962B42DACD2860001437B /* RacingSansOne-Regular.ttf */,
			);
			path = Fonts;
			sourceTree = "<group>";
		};
		DF4962C32DACD8990001437B /* DesignSystem */ = {
			isa = PBXGroup;
			children = (
				DF4962C02DACD6840001437B /* FontSystem.swift */,
				DF4962C42DACD8A60001437B /* ColorSystem.swift */,
			);
			path = DesignSystem;
			sourceTree = "<group>";
		};
		DF5F3E5B2D95BE7000245C20 /* Haruhancut */ = {
			isa = PBXGroup;
			children = (
				DF9AEEEC2DA41F6800466CC6 /* Haruhancut.entitlements */,
				DF9AEF162DA422A400466CC6 /* Config.xcconfig */,
				DF5F3E8D2D95C47400245C20 /* Resource */,
				DF5F3E7F2D95BECF00245C20 /* Source */,
				DF5F3E5A2D95BE7000245C20 /* ViewController.swift */,
				DF5F3E572D95BE7000245C20 /* Info.plist */,
			);
			path = Haruhancut;
			sourceTree = "<group>";
		};
		DF5F3E7A2D95BECF00245C20 /* App */ = {
			isa = PBXGroup;
			children = (
				DF5F3E972D95C59D00245C20 /* DIContainer */,
				DF5F3E902D95C47700245C20 /* AppDelegate.swift */,
				DF5F3E912D95C47700245C20 /* SceneDelegate.swift */,
				DF5F3E8C2D95C47400245C20 /* LaunchScreen.storyboard */,
			);
			path = App;
			sourceTree = "<group>";
		};
		DF5F3E7B2D95BECF00245C20 /* Data */ = {
			isa = PBXGroup;
			children = (
				DF3CBB472DA809CD00AD5788 /* RepositoryImpl */,
				DFD757A32D9C1CBD008C82DF /* Network */,
				DFD757A42D9C1CBF008C82DF /* Dto */,
			);
			path = Data;
			sourceTree = "<group>";
		};
		DF5F3E7C2D95BECF00245C20 /* Domain */ = {
			isa = PBXGroup;
			children = (
				DFD757A62D9C1CC5008C82DF /* UseCase */,
				DFD757A72D9C1CC7008C82DF /* Entity */,
				DF3CBB4B2DA80A5C00AD5788 /* RepositoryProtocol */,
			);
			path = Domain;
			sourceTree = "<group>";
		};
		DF5F3E7D2D95BECF00245C20 /* Presentation */ = {
			isa = PBXGroup;
			children = (
				DF6BBA2A2D972597002A344F /* SignUp */,
				DF6BBA152D972046002A344F /* Home */,
				DF6BBA182D972048002A344F /* Login */,
			);
			path = Presentation;
			sourceTree = "<group>";
		};
		DF5F3E7E2D95BECF00245C20 /* Util */ = {
			isa = PBXGroup;
			children = (
				DF5F3E862D95C11D00245C20 /* Extension */,
				DF5F3E852D95C11B00245C20 /* Constant */,
			);
			path = Util;
			sourceTree = "<group>";
		};
		DF5F3E7F2D95BECF00245C20 /* Source */ = {
			isa = PBXGroup;
			children = (
				DF5F3E7A2D95BECF00245C20 /* App */,
				DF5F3E7D2D95BECF00245C20 /* Presentation */,
				DF5F3E7C2D95BECF00245C20 /* Domain */,
				DF5F3E7B2D95BECF00245C20 /* Data */,
				DF5F3E7E2D95BECF00245C20 /* Util */,
			);
			path = Source;
			sourceTree = "<group>";
		};
		DF5F3E852D95C11B00245C20 /* Constant */ = {
			isa = PBXGroup;
			children = (
			);
			path = Constant;
			sourceTree = "<group>";
		};
		DF5F3E862D95C11D00245C20 /* Extension */ = {
			isa = PBXGroup;
			children = (
				DF4962C62DACD96F0001437B /* UIColor+Extension.swift */,
				DF4962C82DACEF140001437B /* TextField+Extension.swift */,
			);
			path = Extension;
			sourceTree = "<group>";
		};
		DF5F3E8D2D95C47400245C20 /* Resource */ = {
			isa = PBXGroup;
			children = (
				DF4962C32DACD8990001437B /* DesignSystem */,
				DF4962A92DACD2730001437B /* Fonts */,
				DF590B652DAB843F00956E54 /* GoogleService-Info.plist */,
				DF5F3E8A2D95C47400245C20 /* Assets.xcassets */,
			);
			path = Resource;
			sourceTree = "<group>";
		};
		DF5F3E972D95C59D00245C20 /* DIContainer */ = {
			isa = PBXGroup;
			children = (
				DFD757A92D9C2A74008C82DF /* DIContainer.swift */,
			);
			path = DIContainer;
			sourceTree = "<group>";
		};
		DF6650632D88023400820F1A = {
			isa = PBXGroup;
			children = (
				DF5F3E5B2D95BE7000245C20 /* Haruhancut */,
				DF66506D2D88023400820F1A /* Products */,
			);
			sourceTree = "<group>";
		};
		DF66506D2D88023400820F1A /* Products */ = {
			isa = PBXGroup;
			children = (
				DF66506C2D88023400820F1A /* Haruhancut.app */,
			);
			name = Products;
			sourceTree = "<group>";
		};
		DF6BBA152D972046002A344F /* Home */ = {
			isa = PBXGroup;
			children = (
				DFBD5C752DA9045D00A21953 /* HomeViewController.swift */,
			);
			path = Home;
			sourceTree = "<group>";
		};
		DF6BBA182D972048002A344F /* Login */ = {
			isa = PBXGroup;
			children = (
				DF9B3DB32D9B0541009162CF /* LoginViewController.swift */,
				DF9AEF5F2DA4380A00466CC6 /* LoginViewModel.swift */,
				DF3326BC2DA9097D00BB2CB9 /* NicknameSettingViewController.swift */,
				DF4962CA2DACF0740001437B /* BirthdaySettingViewController.swift */,
				DF31444E2DAC3DAD006769BC /* TestViewController.swift */,
			);
			path = Login;
			sourceTree = "<group>";
		};
		DF6BBA2A2D972597002A344F /* SignUp */ = {
			isa = PBXGroup;
			children = (
			);
			path = SignUp;
			sourceTree = "<group>";
		};
		DFD757A32D9C1CBD008C82DF /* Network */ = {
			isa = PBXGroup;
			children = (
				DF3CBA1C2DA8079600AD5788 /* KakaoLoginManager.swift */,
				DF590B672DAB8D9F00956E54 /* FirebaseAuthManager.swift */,
			);
			path = Network;
			sourceTree = "<group>";
		};
		DFD757A42D9C1CBF008C82DF /* Dto */ = {
			isa = PBXGroup;
			children = (
			);
			path = Dto;
			sourceTree = "<group>";
		};
		DFD757A62D9C1CC5008C82DF /* UseCase */ = {
			isa = PBXGroup;
			children = (
				DF3CBB4E2DA814F100AD5788 /* LoginUsecase.swift */,
			);
			path = UseCase;
			sourceTree = "<group>";
		};
		DFD757A72D9C1CC7008C82DF /* Entity */ = {
			isa = PBXGroup;
			children = (
				DF590B692DAB926600956E54 /* FirebaseError.swift */,
			);
			path = Entity;
			sourceTree = "<group>";
		};
/* End PBXGroup section */

/* Begin PBXNativeTarget section */
		DF66506B2D88023400820F1A /* Haruhancut */ = {
			isa = PBXNativeTarget;
			buildConfigurationList = DF66507F2D88023500820F1A /* Build configuration list for PBXNativeTarget "Haruhancut" */;
			buildPhases = (
				DF6650682D88023400820F1A /* Sources */,
				DF6650692D88023400820F1A /* Frameworks */,
				DF66506A2D88023400820F1A /* Resources */,
			);
			buildRules = (
			);
			dependencies = (
			);
			name = Haruhancut;
			packageProductDependencies = (
				DF9AEEEE2DA420F400466CC6 /* FirebaseAuth */,
				DF9AEEF02DA420F400466CC6 /* FirebaseAuthCombine-Community */,
				DF9AEEF22DA420F400466CC6 /* FirebaseDatabase */,
				DF9AEEF42DA420F400466CC6 /* FirebaseStorage */,
				DF9AEEF62DA420F400466CC6 /* FirebaseStorageCombine-Community */,
				DF9AEF1B2DA4255C00466CC6 /* RxKakaoSDKAuth */,
				DF9AEF1D2DA4255C00466CC6 /* RxKakaoSDKUser */,
			);
			productName = Haruhancut;
			productReference = DF66506C2D88023400820F1A /* Haruhancut.app */;
			productType = "com.apple.product-type.application";
		};
/* End PBXNativeTarget section */

/* Begin PBXProject section */
		DF6650642D88023400820F1A /* Project object */ = {
			isa = PBXProject;
			attributes = {
				BuildIndependentTargetsInParallel = 1;
				LastSwiftUpdateCheck = 1620;
				LastUpgradeCheck = 1620;
				TargetAttributes = {
					DF66506B2D88023400820F1A = {
						CreatedOnToolsVersion = 16.2;
					};
				};
			};
			buildConfigurationList = DF6650672D88023400820F1A /* Build configuration list for PBXProject "Haruhancut" */;
			developmentRegion = en;
			hasScannedForEncodings = 0;
			knownRegions = (
				en,
				Base,
			);
			mainGroup = DF6650632D88023400820F1A;
			minimizedProjectReferenceProxies = 1;
			packageReferences = (
				DF9AEEED2DA420F400466CC6 /* XCRemoteSwiftPackageReference "firebase-ios-sdk" */,
				DF9AEF1A2DA4255C00466CC6 /* XCRemoteSwiftPackageReference "kakao-ios-sdk-rx" */,
			);
			preferredProjectObjectVersion = 77;
			productRefGroup = DF66506D2D88023400820F1A /* Products */;
			projectDirPath = "";
			projectRoot = "";
			targets = (
				DF66506B2D88023400820F1A /* Haruhancut */,
			);
		};
/* End PBXProject section */

/* Begin PBXResourcesBuildPhase section */
		DF66506A2D88023400820F1A /* Resources */ = {
			isa = PBXResourcesBuildPhase;
			buildActionMask = 2147483647;
			files = (
				DF4962B52DACD2860001437B /* RacingSansOne-Regular.ttf in Resources */,
				DF4962B62DACD2860001437B /* Pretendard-ExtraLight.otf in Resources */,
				DF4962B72DACD2860001437B /* Pretendard-SemiBold.otf in Resources */,
				DF4962B82DACD2860001437B /* Pretendard-Bold.otf in Resources */,
				DF4962B92DACD2860001437B /* Pretendard-ExtraBold.otf in Resources */,
				DF4962BA2DACD2860001437B /* Pretendard-Regular.otf in Resources */,
				DF4962BB2DACD2860001437B /* NanumMyeongjo-Regular.ttf in Resources */,
				DF4962BC2DACD2860001437B /* Pretendard-Black.otf in Resources */,
				DF4962BD2DACD2860001437B /* Pretendard-Light.otf in Resources */,
				DF4962BE2DACD2860001437B /* Pretendard-Medium.otf in Resources */,
				DF4962BF2DACD2860001437B /* Pretendard-Thin.otf in Resources */,
				DF5F3E8E2D95C47400245C20 /* Assets.xcassets in Resources */,
				DF9AEF172DA422A400466CC6 /* Config.xcconfig in Resources */,
				DF590B662DAB843F00956E54 /* GoogleService-Info.plist in Resources */,
				DF5F3E8F2D95C47400245C20 /* LaunchScreen.storyboard in Resources */,
			);
			runOnlyForDeploymentPostprocessing = 0;
		};
/* End PBXResourcesBuildPhase section */

/* Begin PBXSourcesBuildPhase section */
		DF6650682D88023400820F1A /* Sources */ = {
			isa = PBXSourcesBuildPhase;
			buildActionMask = 2147483647;
			files = (
				DF4962CB2DACF0740001437B /* BirthdaySettingViewController.swift in Sources */,
				DF9B3DB42D9B0541009162CF /* LoginViewController.swift in Sources */,
				DF3CBB492DA809DB00AD5788 /* AuthRepository.swift in Sources */,
				DF3CBA1D2DA8079600AD5788 /* KakaoLoginManager.swift in Sources */,
				DF4962C72DACD96F0001437B /* UIColor+Extension.swift in Sources */,
				DF5F3E5E2D95BE7000245C20 /* ViewController.swift in Sources */,
				DF3326BD2DA9097D00BB2CB9 /* NicknameSettingViewController.swift in Sources */,
				DF9AEF602DA4380A00466CC6 /* LoginViewModel.swift in Sources */,
				DF3CBB4F2DA814F100AD5788 /* LoginUsecase.swift in Sources */,
				DF4962C12DACD6840001437B /* FontSystem.swift in Sources */,
				DF590B682DAB8D9F00956E54 /* FirebaseAuthManager.swift in Sources */,
				DF590B6A2DAB926600956E54 /* FirebaseError.swift in Sources */,
				DFD757AA2D9C2A74008C82DF /* DIContainer.swift in Sources */,
				DF31444F2DAC3DAD006769BC /* TestViewController.swift in Sources */,
				DF4962C52DACD8A60001437B /* ColorSystem.swift in Sources */,
				DF3CBB4D2DA80A6800AD5788 /* LoginRepositoryProtocol.swift in Sources */,
				DF4962C92DACEF140001437B /* TextField+Extension.swift in Sources */,
				DF5F3E932D95C47700245C20 /* AppDelegate.swift in Sources */,
				DF5F3E942D95C47700245C20 /* SceneDelegate.swift in Sources */,
				DFBD5C762DA9045D00A21953 /* HomeViewController.swift in Sources */,
			);
			runOnlyForDeploymentPostprocessing = 0;
		};
/* End PBXSourcesBuildPhase section */

/* Begin PBXVariantGroup section */
		DF5F3E8C2D95C47400245C20 /* LaunchScreen.storyboard */ = {
			isa = PBXVariantGroup;
			children = (
				DF5F3E8B2D95C47400245C20 /* Base */,
			);
			name = LaunchScreen.storyboard;
			sourceTree = "<group>";
		};
/* End PBXVariantGroup section */

/* Begin XCBuildConfiguration section */
		DF6650802D88023500820F1A /* Debug */ = {
			isa = XCBuildConfiguration;
			baseConfigurationReference = DF9AEF162DA422A400466CC6 /* Config.xcconfig */;
			buildSettings = {
				ASSETCATALOG_COMPILER_APPICON_NAME = AppIcon;
				ASSETCATALOG_COMPILER_GLOBAL_ACCENT_COLOR_NAME = AccentColor;
				CODE_SIGN_ENTITLEMENTS = Haruhancut/Haruhancut.entitlements;
				CODE_SIGN_IDENTITY = "Apple Development";
				"CODE_SIGN_IDENTITY[sdk=iphoneos*]" = "iPhone Developer";
				CODE_SIGN_STYLE = Manual;
				CURRENT_PROJECT_VERSION = 15;
				DEVELOPMENT_TEAM = "";
				"DEVELOPMENT_TEAM[sdk=iphoneos*]" = LGX4B4WC66;
				GENERATE_INFOPLIST_FILE = YES;
				INFOPLIST_FILE = Haruhancut/Info.plist;
				INFOPLIST_KEY_UIApplicationSupportsIndirectInputEvents = YES;
				INFOPLIST_KEY_UILaunchStoryboardName = LaunchScreen;
				INFOPLIST_KEY_UIMainStoryboardFile = "";
				INFOPLIST_KEY_UISupportedInterfaceOrientations_iPad = "UIInterfaceOrientationPortrait UIInterfaceOrientationPortraitUpsideDown UIInterfaceOrientationLandscapeLeft UIInterfaceOrientationLandscapeRight";
				INFOPLIST_KEY_UISupportedInterfaceOrientations_iPhone = "UIInterfaceOrientationPortrait UIInterfaceOrientationLandscapeLeft UIInterfaceOrientationLandscapeRight";
				IPHONEOS_DEPLOYMENT_TARGET = 17.0;
				LD_RUNPATH_SEARCH_PATHS = (
					"$(inherited)",
					"@executable_path/Frameworks",
				);
				MARKETING_VERSION = 1.0;
				PRODUCT_BUNDLE_IDENTIFIER = com.indextrown.Haruhancut;
				PRODUCT_NAME = "$(TARGET_NAME)";
				PROVISIONING_PROFILE_SPECIFIER = "";
				"PROVISIONING_PROFILE_SPECIFIER[sdk=iphoneos*]" = "match Development com.indextrown.Haruhancut";
				SWIFT_EMIT_LOC_STRINGS = YES;
				SWIFT_VERSION = 5.0;
				TARGETED_DEVICE_FAMILY = "1,2";
			};
			name = Debug;
		};
		DF6650812D88023500820F1A /* Release */ = {
			isa = XCBuildConfiguration;
			baseConfigurationReference = DF9AEF162DA422A400466CC6 /* Config.xcconfig */;
			buildSettings = {
				ASSETCATALOG_COMPILER_APPICON_NAME = AppIcon;
				ASSETCATALOG_COMPILER_GLOBAL_ACCENT_COLOR_NAME = AccentColor;
				CODE_SIGN_ENTITLEMENTS = Haruhancut/Haruhancut.entitlements;
				CODE_SIGN_IDENTITY = "Apple Development";
				"CODE_SIGN_IDENTITY[sdk=iphoneos*]" = "iPhone Developer";
				CODE_SIGN_STYLE = Manual;
				CURRENT_PROJECT_VERSION = 15;
				DEVELOPMENT_TEAM = "";
				"DEVELOPMENT_TEAM[sdk=iphoneos*]" = LGX4B4WC66;
				GENERATE_INFOPLIST_FILE = YES;
				INFOPLIST_FILE = Haruhancut/Info.plist;
				INFOPLIST_KEY_UIApplicationSupportsIndirectInputEvents = YES;
				INFOPLIST_KEY_UILaunchStoryboardName = LaunchScreen;
				INFOPLIST_KEY_UIMainStoryboardFile = "";
				INFOPLIST_KEY_UISupportedInterfaceOrientations_iPad = "UIInterfaceOrientationPortrait UIInterfaceOrientationPortraitUpsideDown UIInterfaceOrientationLandscapeLeft UIInterfaceOrientationLandscapeRight";
				INFOPLIST_KEY_UISupportedInterfaceOrientations_iPhone = "UIInterfaceOrientationPortrait UIInterfaceOrientationLandscapeLeft UIInterfaceOrientationLandscapeRight";
				IPHONEOS_DEPLOYMENT_TARGET = 17.0;
				LD_RUNPATH_SEARCH_PATHS = (
					"$(inherited)",
					"@executable_path/Frameworks",
				);
				MARKETING_VERSION = 1.0;
				PRODUCT_BUNDLE_IDENTIFIER = com.indextrown.Haruhancut;
				PRODUCT_NAME = "$(TARGET_NAME)";
				PROVISIONING_PROFILE_SPECIFIER = "";
				"PROVISIONING_PROFILE_SPECIFIER[sdk=iphoneos*]" = "match Development com.indextrown.Haruhancut";
				SWIFT_EMIT_LOC_STRINGS = YES;
				SWIFT_VERSION = 5.0;
				TARGETED_DEVICE_FAMILY = "1,2";
			};
			name = Release;
		};
		DF6650822D88023500820F1A /* Debug */ = {
			isa = XCBuildConfiguration;
			baseConfigurationReference = DF9AEF162DA422A400466CC6 /* Config.xcconfig */;
			buildSettings = {
				ALWAYS_SEARCH_USER_PATHS = NO;
				ASSETCATALOG_COMPILER_GENERATE_SWIFT_ASSET_SYMBOL_EXTENSIONS = YES;
				CLANG_ANALYZER_NONNULL = YES;
				CLANG_ANALYZER_NUMBER_OBJECT_CONVERSION = YES_AGGRESSIVE;
				CLANG_CXX_LANGUAGE_STANDARD = "gnu++20";
				CLANG_ENABLE_MODULES = YES;
				CLANG_ENABLE_OBJC_ARC = YES;
				CLANG_ENABLE_OBJC_WEAK = YES;
				CLANG_WARN_BLOCK_CAPTURE_AUTORELEASING = YES;
				CLANG_WARN_BOOL_CONVERSION = YES;
				CLANG_WARN_COMMA = YES;
				CLANG_WARN_CONSTANT_CONVERSION = YES;
				CLANG_WARN_DEPRECATED_OBJC_IMPLEMENTATIONS = YES;
				CLANG_WARN_DIRECT_OBJC_ISA_USAGE = YES_ERROR;
				CLANG_WARN_DOCUMENTATION_COMMENTS = YES;
				CLANG_WARN_EMPTY_BODY = YES;
				CLANG_WARN_ENUM_CONVERSION = YES;
				CLANG_WARN_INFINITE_RECURSION = YES;
				CLANG_WARN_INT_CONVERSION = YES;
				CLANG_WARN_NON_LITERAL_NULL_CONVERSION = YES;
				CLANG_WARN_OBJC_IMPLICIT_RETAIN_SELF = YES;
				CLANG_WARN_OBJC_LITERAL_CONVERSION = YES;
				CLANG_WARN_OBJC_ROOT_CLASS = YES_ERROR;
				CLANG_WARN_QUOTED_INCLUDE_IN_FRAMEWORK_HEADER = YES;
				CLANG_WARN_RANGE_LOOP_ANALYSIS = YES;
				CLANG_WARN_STRICT_PROTOTYPES = YES;
				CLANG_WARN_SUSPICIOUS_MOVE = YES;
				CLANG_WARN_UNGUARDED_AVAILABILITY = YES_AGGRESSIVE;
				CLANG_WARN_UNREACHABLE_CODE = YES;
				CLANG_WARN__DUPLICATE_METHOD_MATCH = YES;
				COPY_PHASE_STRIP = NO;
				DEBUG_INFORMATION_FORMAT = dwarf;
				ENABLE_STRICT_OBJC_MSGSEND = YES;
				ENABLE_TESTABILITY = YES;
				ENABLE_USER_SCRIPT_SANDBOXING = YES;
				GCC_C_LANGUAGE_STANDARD = gnu17;
				GCC_DYNAMIC_NO_PIC = NO;
				GCC_NO_COMMON_BLOCKS = YES;
				GCC_OPTIMIZATION_LEVEL = 0;
				GCC_PREPROCESSOR_DEFINITIONS = (
					"DEBUG=1",
					"$(inherited)",
				);
				GCC_WARN_64_TO_32_BIT_CONVERSION = YES;
				GCC_WARN_ABOUT_RETURN_TYPE = YES_ERROR;
				GCC_WARN_UNDECLARED_SELECTOR = YES;
				GCC_WARN_UNINITIALIZED_AUTOS = YES_AGGRESSIVE;
				GCC_WARN_UNUSED_FUNCTION = YES;
				GCC_WARN_UNUSED_VARIABLE = YES;
				IPHONEOS_DEPLOYMENT_TARGET = 18.2;
				LOCALIZATION_PREFERS_STRING_CATALOGS = YES;
				MTL_ENABLE_DEBUG_INFO = INCLUDE_SOURCE;
				MTL_FAST_MATH = YES;
				ONLY_ACTIVE_ARCH = YES;
				SDKROOT = iphoneos;
				SWIFT_ACTIVE_COMPILATION_CONDITIONS = "DEBUG $(inherited)";
				SWIFT_OPTIMIZATION_LEVEL = "-Onone";
			};
			name = Debug;
		};
		DF6650832D88023500820F1A /* Release */ = {
			isa = XCBuildConfiguration;
			baseConfigurationReference = DF9AEF162DA422A400466CC6 /* Config.xcconfig */;
			buildSettings = {
				ALWAYS_SEARCH_USER_PATHS = NO;
				ASSETCATALOG_COMPILER_GENERATE_SWIFT_ASSET_SYMBOL_EXTENSIONS = YES;
				CLANG_ANALYZER_NONNULL = YES;
				CLANG_ANALYZER_NUMBER_OBJECT_CONVERSION = YES_AGGRESSIVE;
				CLANG_CXX_LANGUAGE_STANDARD = "gnu++20";
				CLANG_ENABLE_MODULES = YES;
				CLANG_ENABLE_OBJC_ARC = YES;
				CLANG_ENABLE_OBJC_WEAK = YES;
				CLANG_WARN_BLOCK_CAPTURE_AUTORELEASING = YES;
				CLANG_WARN_BOOL_CONVERSION = YES;
				CLANG_WARN_COMMA = YES;
				CLANG_WARN_CONSTANT_CONVERSION = YES;
				CLANG_WARN_DEPRECATED_OBJC_IMPLEMENTATIONS = YES;
				CLANG_WARN_DIRECT_OBJC_ISA_USAGE = YES_ERROR;
				CLANG_WARN_DOCUMENTATION_COMMENTS = YES;
				CLANG_WARN_EMPTY_BODY = YES;
				CLANG_WARN_ENUM_CONVERSION = YES;
				CLANG_WARN_INFINITE_RECURSION = YES;
				CLANG_WARN_INT_CONVERSION = YES;
				CLANG_WARN_NON_LITERAL_NULL_CONVERSION = YES;
				CLANG_WARN_OBJC_IMPLICIT_RETAIN_SELF = YES;
				CLANG_WARN_OBJC_LITERAL_CONVERSION = YES;
				CLANG_WARN_OBJC_ROOT_CLASS = YES_ERROR;
				CLANG_WARN_QUOTED_INCLUDE_IN_FRAMEWORK_HEADER = YES;
				CLANG_WARN_RANGE_LOOP_ANALYSIS = YES;
				CLANG_WARN_STRICT_PROTOTYPES = YES;
				CLANG_WARN_SUSPICIOUS_MOVE = YES;
				CLANG_WARN_UNGUARDED_AVAILABILITY = YES_AGGRESSIVE;
				CLANG_WARN_UNREACHABLE_CODE = YES;
				CLANG_WARN__DUPLICATE_METHOD_MATCH = YES;
				COPY_PHASE_STRIP = NO;
				DEBUG_INFORMATION_FORMAT = "dwarf-with-dsym";
				ENABLE_NS_ASSERTIONS = NO;
				ENABLE_STRICT_OBJC_MSGSEND = YES;
				ENABLE_USER_SCRIPT_SANDBOXING = YES;
				GCC_C_LANGUAGE_STANDARD = gnu17;
				GCC_NO_COMMON_BLOCKS = YES;
				GCC_WARN_64_TO_32_BIT_CONVERSION = YES;
				GCC_WARN_ABOUT_RETURN_TYPE = YES_ERROR;
				GCC_WARN_UNDECLARED_SELECTOR = YES;
				GCC_WARN_UNINITIALIZED_AUTOS = YES_AGGRESSIVE;
				GCC_WARN_UNUSED_FUNCTION = YES;
				GCC_WARN_UNUSED_VARIABLE = YES;
				IPHONEOS_DEPLOYMENT_TARGET = 18.2;
				LOCALIZATION_PREFERS_STRING_CATALOGS = YES;
				MTL_ENABLE_DEBUG_INFO = NO;
				MTL_FAST_MATH = YES;
				SDKROOT = iphoneos;
				SWIFT_COMPILATION_MODE = wholemodule;
				VALIDATE_PRODUCT = YES;
			};
			name = Release;
		};
/* End XCBuildConfiguration section */

/* Begin XCConfigurationList section */
		DF6650672D88023400820F1A /* Build configuration list for PBXProject "Haruhancut" */ = {
			isa = XCConfigurationList;
			buildConfigurations = (
				DF6650822D88023500820F1A /* Debug */,
				DF6650832D88023500820F1A /* Release */,
			);
			defaultConfigurationIsVisible = 0;
			defaultConfigurationName = Release;
		};
		DF66507F2D88023500820F1A /* Build configuration list for PBXNativeTarget "Haruhancut" */ = {
			isa = XCConfigurationList;
			buildConfigurations = (
				DF6650802D88023500820F1A /* Debug */,
				DF6650812D88023500820F1A /* Release */,
			);
			defaultConfigurationIsVisible = 0;
			defaultConfigurationName = Release;
		};
/* End XCConfigurationList section */

/* Begin XCRemoteSwiftPackageReference section */
		DF9AEEED2DA420F400466CC6 /* XCRemoteSwiftPackageReference "firebase-ios-sdk" */ = {
			isa = XCRemoteSwiftPackageReference;
			repositoryURL = "https://github.com/firebase/firebase-ios-sdk.git";
			requirement = {
				kind = upToNextMajorVersion;
				minimumVersion = 11.11.0;
			};
		};
		DF9AEF1A2DA4255C00466CC6 /* XCRemoteSwiftPackageReference "kakao-ios-sdk-rx" */ = {
			isa = XCRemoteSwiftPackageReference;
			repositoryURL = "https://github.com/kakao/kakao-ios-sdk-rx";
			requirement = {
				kind = upToNextMajorVersion;
				minimumVersion = 2.24.0;
			};
		};
/* End XCRemoteSwiftPackageReference section */

/* Begin XCSwiftPackageProductDependency section */
		DF9AEEEE2DA420F400466CC6 /* FirebaseAuth */ = {
			isa = XCSwiftPackageProductDependency;
			package = DF9AEEED2DA420F400466CC6 /* XCRemoteSwiftPackageReference "firebase-ios-sdk" */;
			productName = FirebaseAuth;
		};
		DF9AEEF02DA420F400466CC6 /* FirebaseAuthCombine-Community */ = {
			isa = XCSwiftPackageProductDependency;
			package = DF9AEEED2DA420F400466CC6 /* XCRemoteSwiftPackageReference "firebase-ios-sdk" */;
			productName = "FirebaseAuthCombine-Community";
		};
		DF9AEEF22DA420F400466CC6 /* FirebaseDatabase */ = {
			isa = XCSwiftPackageProductDependency;
			package = DF9AEEED2DA420F400466CC6 /* XCRemoteSwiftPackageReference "firebase-ios-sdk" */;
			productName = FirebaseDatabase;
		};
		DF9AEEF42DA420F400466CC6 /* FirebaseStorage */ = {
			isa = XCSwiftPackageProductDependency;
			package = DF9AEEED2DA420F400466CC6 /* XCRemoteSwiftPackageReference "firebase-ios-sdk" */;
			productName = FirebaseStorage;
		};
		DF9AEEF62DA420F400466CC6 /* FirebaseStorageCombine-Community */ = {
			isa = XCSwiftPackageProductDependency;
			package = DF9AEEED2DA420F400466CC6 /* XCRemoteSwiftPackageReference "firebase-ios-sdk" */;
			productName = "FirebaseStorageCombine-Community";
		};
		DF9AEF1B2DA4255C00466CC6 /* RxKakaoSDKAuth */ = {
			isa = XCSwiftPackageProductDependency;
			package = DF9AEF1A2DA4255C00466CC6 /* XCRemoteSwiftPackageReference "kakao-ios-sdk-rx" */;
			productName = RxKakaoSDKAuth;
		};
		DF9AEF1D2DA4255C00466CC6 /* RxKakaoSDKUser */ = {
			isa = XCSwiftPackageProductDependency;
			package = DF9AEF1A2DA4255C00466CC6 /* XCRemoteSwiftPackageReference "kakao-ios-sdk-rx" */;
			productName = RxKakaoSDKUser;
		};
/* End XCSwiftPackageProductDependency section */
	};
	rootObject = DF6650642D88023400820F1A /* Project object */;
}
